// !$*UTF8*$!
{
	archiveVersion = 1;
	classes = {
	};
	objectVersion = 46;
	objects = {

/* Begin PBXBuildFile section */
		D91620501BF261BC00DB06A7 /* rawparambox.cpp in Sources */ = {isa = PBXBuildFile; fileRef = D916204E1BF261BC00DB06A7 /* rawparambox.cpp */; };
		D91DA3F121900D8900C27018 /* diskreplacebox.cpp in Sources */ = {isa = PBXBuildFile; fileRef = D91DA3EF21900D8900C27018 /* diskreplacebox.cpp */; };
		D91F9B272178D44A0060D5BB /* rawtrackbox.cpp in Sources */ = {isa = PBXBuildFile; fileRef = D91F9B242178D44A0060D5BB /* rawtrackbox.cpp */; };
		D91F9B2A2178D5130060D5BB /* basictype_msdos.cpp in Sources */ = {isa = PBXBuildFile; fileRef = D91F9B282178D5130060D5BB /* basictype_msdos.cpp */; };
		D923191521A5314600EB1FCD /* basicdiritem_mz_base.cpp in Sources */ = {isa = PBXBuildFile; fileRef = D923191121A5314600EB1FCD /* basicdiritem_mz_base.cpp */; };
		D923191621A5314600EB1FCD /* basictype_mz_base.cpp in Sources */ = {isa = PBXBuildFile; fileRef = D923191321A5314600EB1FCD /* basictype_mz_base.cpp */; };
		D93D1939219DBB8800A3E51C /* basicdiritem_tfdos.cpp in Sources */ = {isa = PBXBuildFile; fileRef = D93D1935219DBB8800A3E51C /* basicdiritem_tfdos.cpp */; };
		D93D193A219DBB8800A3E51C /* basictype_tfdos.cpp in Sources */ = {isa = PBXBuildFile; fileRef = D93D1937219DBB8800A3E51C /* basictype_tfdos.cpp */; };
		D99171A8213296F10086F44F /* basiccommon.cpp in Sources */ = {isa = PBXBuildFile; fileRef = D991716D213296F10086F44F /* basiccommon.cpp */; };
		D99171A9213296F10086F44F /* basicdir.cpp in Sources */ = {isa = PBXBuildFile; fileRef = D991716F213296F10086F44F /* basicdir.cpp */; };
		D99171AA213296F10086F44F /* basicdiritem_fat8.cpp in Sources */ = {isa = PBXBuildFile; fileRef = D9917171213296F10086F44F /* basicdiritem_fat8.cpp */; };
		D99171AB213296F10086F44F /* basicdiritem_fm.cpp in Sources */ = {isa = PBXBuildFile; fileRef = D9917173213296F10086F44F /* basicdiritem_fm.cpp */; };
		D99171AC213296F10086F44F /* basicdiritem_l31s.cpp in Sources */ = {isa = PBXBuildFile; fileRef = D9917175213296F10086F44F /* basicdiritem_l31s.cpp */; };
		D99171AD213296F10086F44F /* basicdiritem_l32d.cpp in Sources */ = {isa = PBXBuildFile; fileRef = D9917177213296F10086F44F /* basicdiritem_l32d.cpp */; };
		D99171AE213296F10086F44F /* basicdiritem_msdos.cpp in Sources */ = {isa = PBXBuildFile; fileRef = D9917179213296F10086F44F /* basicdiritem_msdos.cpp */; };
		D99171AF213296F10086F44F /* basicdiritem_msx.cpp in Sources */ = {isa = PBXBuildFile; fileRef = D991717B213296F10086F44F /* basicdiritem_msx.cpp */; };
		D99171B0213296F10086F44F /* basicdiritem_mz.cpp in Sources */ = {isa = PBXBuildFile; fileRef = D991717D213296F10086F44F /* basicdiritem_mz.cpp */; };
		D99171B1213296F10086F44F /* basicdiritem_n88.cpp in Sources */ = {isa = PBXBuildFile; fileRef = D991717F213296F10086F44F /* basicdiritem_n88.cpp */; };
		D99171B2213296F10086F44F /* basicdiritem_x1hu.cpp in Sources */ = {isa = PBXBuildFile; fileRef = D9917181213296F10086F44F /* basicdiritem_x1hu.cpp */; };
		D99171B3213296F10086F44F /* basicdiritem.cpp in Sources */ = {isa = PBXBuildFile; fileRef = D9917183213296F10086F44F /* basicdiritem.cpp */; };
		D99171B4213296F10086F44F /* basicfat.cpp in Sources */ = {isa = PBXBuildFile; fileRef = D9917185213296F10086F44F /* basicfat.cpp */; };
		D99171B5213296F10086F44F /* basicparam.cpp in Sources */ = {isa = PBXBuildFile; fileRef = D9917187213296F10086F44F /* basicparam.cpp */; };
		D99171B6213296F10086F44F /* basicselbox.cpp in Sources */ = {isa = PBXBuildFile; fileRef = D9917189213296F10086F44F /* basicselbox.cpp */; };
		D99171B7213296F10086F44F /* basictype_fat8.cpp in Sources */ = {isa = PBXBuildFile; fileRef = D991718B213296F10086F44F /* basictype_fat8.cpp */; };
		D99171B8213296F10086F44F /* basictype_fat12.cpp in Sources */ = {isa = PBXBuildFile; fileRef = D991718D213296F10086F44F /* basictype_fat12.cpp */; };
		D99171B9213296F10086F44F /* basictype_fm.cpp in Sources */ = {isa = PBXBuildFile; fileRef = D991718F213296F10086F44F /* basictype_fm.cpp */; };
		D99171BA213296F10086F44F /* basictype_l31s.cpp in Sources */ = {isa = PBXBuildFile; fileRef = D9917191213296F10086F44F /* basictype_l31s.cpp */; };
		D99171BB213296F10086F44F /* basictype_l32d.cpp in Sources */ = {isa = PBXBuildFile; fileRef = D9917193213296F10086F44F /* basictype_l32d.cpp */; };
		D99171BC213296F10086F44F /* basictype_msx.cpp in Sources */ = {isa = PBXBuildFile; fileRef = D9917195213296F10086F44F /* basictype_msx.cpp */; };
		D99171BD213296F10086F44F /* basictype_mz.cpp in Sources */ = {isa = PBXBuildFile; fileRef = D9917197213296F10086F44F /* basictype_mz.cpp */; };
		D99171BE213296F10086F44F /* basictype_n88.cpp in Sources */ = {isa = PBXBuildFile; fileRef = D9917199213296F10086F44F /* basictype_n88.cpp */; };
		D99171BF213296F10086F44F /* basictype_x1hu.cpp in Sources */ = {isa = PBXBuildFile; fileRef = D991719B213296F10086F44F /* basictype_x1hu.cpp */; };
		D99171C0213296F10086F44F /* basictype.cpp in Sources */ = {isa = PBXBuildFile; fileRef = D991719D213296F10086F44F /* basictype.cpp */; };
		D99171C1213296F10086F44F /* common.cpp in Sources */ = {isa = PBXBuildFile; fileRef = D991719F213296F10086F44F /* common.cpp */; };
		D99171C2213296F10086F44F /* diskdskparser.cpp in Sources */ = {isa = PBXBuildFile; fileRef = D99171A0213296F10086F44F /* diskdskparser.cpp */; };
		D99171C3213296F10086F44F /* diskparser.cpp in Sources */ = {isa = PBXBuildFile; fileRef = D99171A2213296F10086F44F /* diskparser.cpp */; };
		D99171C4213296F10086F44F /* diskresult.cpp in Sources */ = {isa = PBXBuildFile; fileRef = D99171A4213296F10086F44F /* diskresult.cpp */; };
		D99171C5213296F10086F44F /* fileparam.cpp in Sources */ = {isa = PBXBuildFile; fileRef = D99171A6213296F10086F44F /* fileparam.cpp */; };
		D99171C821329CA30086F44F /* file_types.xml in CopyFiles */ = {isa = PBXBuildFile; fileRef = D99171C621329C8A0086F44F /* file_types.xml */; };
		D996BCEA213CF34000902715 /* basicerror.cpp in Sources */ = {isa = PBXBuildFile; fileRef = D996BCD8213CF34000902715 /* basicerror.cpp */; };
		D996BCEB213CF34000902715 /* diskd88writer.cpp in Sources */ = {isa = PBXBuildFile; fileRef = D996BCDA213CF34000902715 /* diskd88writer.cpp */; };
		D996BCEC213CF34000902715 /* diskplainparser.cpp in Sources */ = {isa = PBXBuildFile; fileRef = D996BCDC213CF34000902715 /* diskplainparser.cpp */; };
		D996BCED213CF34000902715 /* diskplainwriter.cpp in Sources */ = {isa = PBXBuildFile; fileRef = D996BCDE213CF34000902715 /* diskplainwriter.cpp */; };
		D996BCEE213CF34000902715 /* diskwriter.cpp in Sources */ = {isa = PBXBuildFile; fileRef = D996BCE0213CF34000902715 /* diskwriter.cpp */; };
		D996BCEF213CF34000902715 /* fileselbox.cpp in Sources */ = {isa = PBXBuildFile; fileRef = D996BCE2213CF34000902715 /* fileselbox.cpp */; };
		D996BCF0213CF34000902715 /* fontminibox.cpp in Sources */ = {isa = PBXBuildFile; fileRef = D996BCE4213CF34000902715 /* fontminibox.cpp */; };
		D996BCF1213CF34000902715 /* logging.cpp in Sources */ = {isa = PBXBuildFile; fileRef = D996BCE6213CF34000902715 /* logging.cpp */; };
		D996BCF2213CF34000902715 /* uirpanel.cpp in Sources */ = {isa = PBXBuildFile; fileRef = D996BCE8213CF34000902715 /* uirpanel.cpp */; };
		D9A3F3D82143EC160090DA99 /* basicdiritem_cpm.cpp in Sources */ = {isa = PBXBuildFile; fileRef = D9A3F3CA2143EC160090DA99 /* basicdiritem_cpm.cpp */; };
		D9A3F3D92143EC160090DA99 /* basicdiritem_flex.cpp in Sources */ = {isa = PBXBuildFile; fileRef = D9A3F3CC2143EC160090DA99 /* basicdiritem_flex.cpp */; };
		D9A3F3DA2143EC160090DA99 /* basicdiritem_os9.cpp in Sources */ = {isa = PBXBuildFile; fileRef = D9A3F3CE2143EC160090DA99 /* basicdiritem_os9.cpp */; };
		D9A3F3DB2143EC160090DA99 /* basictype_cpm.cpp in Sources */ = {isa = PBXBuildFile; fileRef = D9A3F3D02143EC160090DA99 /* basictype_cpm.cpp */; };
		D9A3F3DC2143EC160090DA99 /* basictype_flex.cpp in Sources */ = {isa = PBXBuildFile; fileRef = D9A3F3D22143EC160090DA99 /* basictype_flex.cpp */; };
		D9A3F3DD2143EC160090DA99 /* basictype_os9.cpp in Sources */ = {isa = PBXBuildFile; fileRef = D9A3F3D42143EC160090DA99 /* basictype_os9.cpp */; };
		D9A3F3DE2143EC160090DA99 /* uifatarea.cpp in Sources */ = {isa = PBXBuildFile; fileRef = D9A3F3D62143EC160090DA99 /* uifatarea.cpp */; };
		D9AA50741E4C8A9300F68374 /* diskd88creator.cpp in Sources */ = {isa = PBXBuildFile; fileRef = D9AA506E1E4C8A9300F68374 /* diskd88creator.cpp */; };
		D9AA50751E4C8A9300F68374 /* diskd88parser.cpp in Sources */ = {isa = PBXBuildFile; fileRef = D9AA50701E4C8A9300F68374 /* diskd88parser.cpp */; };
		D9AA50761E4C8A9300F68374 /* diskparam.cpp in Sources */ = {isa = PBXBuildFile; fileRef = D9AA50721E4C8A9300F68374 /* diskparam.cpp */; };
		D9C49E8C1BF1BDB100831032 /* basicfmt.cpp in Sources */ = {isa = PBXBuildFile; fileRef = D9C49E7C1BF1BDB100831032 /* basicfmt.cpp */; };
		D9C49E8E1BF1BDB100831032 /* charcodes.cpp in Sources */ = {isa = PBXBuildFile; fileRef = D9C49E7E1BF1BDB100831032 /* charcodes.cpp */; };
		D9C49E911BF1BDB100831032 /* config.cpp in Sources */ = {isa = PBXBuildFile; fileRef = D9C49E811BF1BDB100831032 /* config.cpp */; };
		D9C49E931BF1BDB100831032 /* diskd88.cpp in Sources */ = {isa = PBXBuildFile; fileRef = D9C49E831BF1BDB100831032 /* diskd88.cpp */; };
		D9C49E951BF1BDB100831032 /* diskparambox.cpp in Sources */ = {isa = PBXBuildFile; fileRef = D9C49E851BF1BDB100831032 /* diskparambox.cpp */; };
		D9C49E971BF1BDB100831032 /* intnamebox.cpp in Sources */ = {isa = PBXBuildFile; fileRef = D9C49E871BF1BDB100831032 /* intnamebox.cpp */; };
		D9C49E9A1BF1BDB100831032 /* main.cpp in Sources */ = {isa = PBXBuildFile; fileRef = D9C49E8A1BF1BDB100831032 /* main.cpp */; };
		D9C49EAD1BF1BDC000831032 /* result.cpp in Sources */ = {isa = PBXBuildFile; fileRef = D9C49E9C1BF1BDC000831032 /* result.cpp */; };
		D9C49EAF1BF1BDC000831032 /* rawsectorbox.cpp in Sources */ = {isa = PBXBuildFile; fileRef = D9C49E9E1BF1BDC000831032 /* rawsectorbox.cpp */; };
		D9C49EB11BF1BDC000831032 /* uibindump.cpp in Sources */ = {isa = PBXBuildFile; fileRef = D9C49EA01BF1BDC000831032 /* uibindump.cpp */; };
		D9C49EB31BF1BDC000831032 /* uidiskattr.cpp in Sources */ = {isa = PBXBuildFile; fileRef = D9C49EA21BF1BDC000831032 /* uidiskattr.cpp */; };
		D9C49EB51BF1BDC000831032 /* uidisklist.cpp in Sources */ = {isa = PBXBuildFile; fileRef = D9C49EA41BF1BDC000831032 /* uidisklist.cpp */; };
		D9C49EB71BF1BDC000831032 /* uifilelist.cpp in Sources */ = {isa = PBXBuildFile; fileRef = D9C49EA61BF1BDC000831032 /* uifilelist.cpp */; };
		D9C49EB91BF1BDC000831032 /* uirawdisk.cpp in Sources */ = {isa = PBXBuildFile; fileRef = D9C49EA81BF1BDC000831032 /* uirawdisk.cpp */; };
		D9C49EBB1BF1BDC000831032 /* utils.cpp in Sources */ = {isa = PBXBuildFile; fileRef = D9C49EAA1BF1BDC000831032 /* utils.cpp */; };
		D9C49EBF1BF1C01400831032 /* IOKit.framework in Frameworks */ = {isa = PBXBuildFile; fileRef = D9C49EBE1BF1C01400831032 /* IOKit.framework */; };
		D9C49EC11BF1C02200831032 /* Carbon.framework in Frameworks */ = {isa = PBXBuildFile; fileRef = D9C49EC01BF1C02200831032 /* Carbon.framework */; };
		D9C49EC31BF1C02D00831032 /* Cocoa.framework in Frameworks */ = {isa = PBXBuildFile; fileRef = D9C49EC21BF1C02D00831032 /* Cocoa.framework */; };
		D9C49EC51BF1C03700831032 /* AudioToolbox.framework in Frameworks */ = {isa = PBXBuildFile; fileRef = D9C49EC41BF1C03700831032 /* AudioToolbox.framework */; };
		D9C49EC71BF1C05900831032 /* OpenGL.framework in Frameworks */ = {isa = PBXBuildFile; fileRef = D9C49EC61BF1C05900831032 /* OpenGL.framework */; };
		D9C49EF21BF1CA4100831032 /* WebKit.framework in Frameworks */ = {isa = PBXBuildFile; fileRef = D9C49EF11BF1CA4100831032 /* WebKit.framework */; };
		D9C49F001BF1D38800831032 /* basic_types.xml in CopyFiles */ = {isa = PBXBuildFile; fileRef = D9C49EF41BF1D26400831032 /* basic_types.xml */; };
		D9C49F011BF1D38A00831032 /* char_codes.xml in CopyFiles */ = {isa = PBXBuildFile; fileRef = D9C49EF51BF1D26400831032 /* char_codes.xml */; };
		D9C49F021BF1D38C00831032 /* disk_types.xml in CopyFiles */ = {isa = PBXBuildFile; fileRef = D9C49EF61BF1D26400831032 /* disk_types.xml */; };
		D9C49F041BF1D3B600831032 /* l3diskex.mo in CopyFiles */ = {isa = PBXBuildFile; fileRef = D9C49EFC1BF1D2C700831032 /* l3diskex.mo */; };
		D9C49F061BF1D4CB00831032 /* l3diskex.icns in Resources */ = {isa = PBXBuildFile; fileRef = D9C49F051BF1D4CB00831032 /* l3diskex.icns */; };
		D9D2D4CA1BFF12F300AA70F8 /* rawexpbox.cpp in Sources */ = {isa = PBXBuildFile; fileRef = D9D2D4C81BFF12F300AA70F8 /* rawexpbox.cpp */; };
		D9DA0AD421899BAD00649C28 /* basicparambox.cpp in Sources */ = {isa = PBXBuildFile; fileRef = D9DA0AD221899BAD00649C28 /* basicparambox.cpp */; };
/* End PBXBuildFile section */

/* Begin PBXCopyFilesBuildPhase section */
		D9C49EFF1BF1D37200831032 /* CopyFiles */ = {
			isa = PBXCopyFilesBuildPhase;
			buildActionMask = 2147483647;
			dstPath = Data;
			dstSubfolderSpec = 7;
			files = (
				D99171C821329CA30086F44F /* file_types.xml in CopyFiles */,
				D9C49F001BF1D38800831032 /* basic_types.xml in CopyFiles */,
				D9C49F011BF1D38A00831032 /* char_codes.xml in CopyFiles */,
				D9C49F021BF1D38C00831032 /* disk_types.xml in CopyFiles */,
			);
			runOnlyForDeploymentPostprocessing = 0;
		};
		D9C49F031BF1D39000831032 /* CopyFiles */ = {
			isa = PBXCopyFilesBuildPhase;
			buildActionMask = 2147483647;
			dstPath = lang/ja;
			dstSubfolderSpec = 7;
			files = (
				D9C49F041BF1D3B600831032 /* l3diskex.mo in CopyFiles */,
			);
			runOnlyForDeploymentPostprocessing = 0;
		};
/* End PBXCopyFilesBuildPhase section */

/* Begin PBXFileReference section */
		D916204E1BF261BC00DB06A7 /* rawparambox.cpp */ = {isa = PBXFileReference; lastKnownFileType = sourcecode.cpp.cpp; path = rawparambox.cpp; sourceTree = "<group>"; };
		D916204F1BF261BC00DB06A7 /* rawparambox.h */ = {isa = PBXFileReference; lastKnownFileType = sourcecode.c.h; path = rawparambox.h; sourceTree = "<group>"; };
		D91DA3EF21900D8900C27018 /* diskreplacebox.cpp */ = {isa = PBXFileReference; fileEncoding = 4; lastKnownFileType = sourcecode.cpp.cpp; path = diskreplacebox.cpp; sourceTree = "<group>"; };
		D91DA3F021900D8900C27018 /* diskreplacebox.h */ = {isa = PBXFileReference; fileEncoding = 4; lastKnownFileType = sourcecode.c.h; path = diskreplacebox.h; sourceTree = "<group>"; };
		D91F9B242178D44A0060D5BB /* rawtrackbox.cpp */ = {isa = PBXFileReference; fileEncoding = 4; lastKnownFileType = sourcecode.cpp.cpp; path = rawtrackbox.cpp; sourceTree = "<group>"; };
		D91F9B252178D44A0060D5BB /* rawtrackbox.h */ = {isa = PBXFileReference; fileEncoding = 4; lastKnownFileType = sourcecode.c.h; path = rawtrackbox.h; sourceTree = "<group>"; };
		D91F9B282178D5130060D5BB /* basictype_msdos.cpp */ = {isa = PBXFileReference; fileEncoding = 4; lastKnownFileType = sourcecode.cpp.cpp; path = basictype_msdos.cpp; sourceTree = "<group>"; };
		D91F9B292178D5130060D5BB /* basictype_msdos.h */ = {isa = PBXFileReference; fileEncoding = 4; lastKnownFileType = sourcecode.c.h; path = basictype_msdos.h; sourceTree = "<group>"; };
		D923191121A5314600EB1FCD /* basicdiritem_mz_base.cpp */ = {isa = PBXFileReference; fileEncoding = 4; lastKnownFileType = sourcecode.cpp.cpp; path = basicdiritem_mz_base.cpp; sourceTree = "<group>"; };
		D923191221A5314600EB1FCD /* basicdiritem_mz_base.h */ = {isa = PBXFileReference; fileEncoding = 4; lastKnownFileType = sourcecode.c.h; path = basicdiritem_mz_base.h; sourceTree = "<group>"; };
		D923191321A5314600EB1FCD /* basictype_mz_base.cpp */ = {isa = PBXFileReference; fileEncoding = 4; lastKnownFileType = sourcecode.cpp.cpp; path = basictype_mz_base.cpp; sourceTree = "<group>"; };
		D923191421A5314600EB1FCD /* basictype_mz_base.h */ = {isa = PBXFileReference; fileEncoding = 4; lastKnownFileType = sourcecode.c.h; path = basictype_mz_base.h; sourceTree = "<group>"; };
		D93D1935219DBB8800A3E51C /* basicdiritem_tfdos.cpp */ = {isa = PBXFileReference; fileEncoding = 4; lastKnownFileType = sourcecode.cpp.cpp; path = basicdiritem_tfdos.cpp; sourceTree = "<group>"; };
		D93D1936219DBB8800A3E51C /* basicdiritem_tfdos.h */ = {isa = PBXFileReference; fileEncoding = 4; lastKnownFileType = sourcecode.c.h; path = basicdiritem_tfdos.h; sourceTree = "<group>"; };
		D93D1937219DBB8800A3E51C /* basictype_tfdos.cpp */ = {isa = PBXFileReference; fileEncoding = 4; lastKnownFileType = sourcecode.cpp.cpp; path = basictype_tfdos.cpp; sourceTree = "<group>"; };
		D93D1938219DBB8800A3E51C /* basictype_tfdos.h */ = {isa = PBXFileReference; fileEncoding = 4; lastKnownFileType = sourcecode.c.h; path = basictype_tfdos.h; sourceTree = "<group>"; };
		D93E43582161EDBA0041FCCA /* fd_5inch_16_1.xpm */ = {isa = PBXFileReference; fileEncoding = 4; lastKnownFileType = text; name = fd_5inch_16_1.xpm; path = res/fd_5inch_16_1.xpm; sourceTree = "<group>"; };
		D93E43592161EDBA0041FCCA /* fd_5inch_16_2.xpm */ = {isa = PBXFileReference; fileEncoding = 4; lastKnownFileType = text; name = fd_5inch_16_2.xpm; path = res/fd_5inch_16_2.xpm; sourceTree = "<group>"; };
		D93E435A2161EDBA0041FCCA /* fd_5inch_16_add.xpm */ = {isa = PBXFileReference; fileEncoding = 4; lastKnownFileType = text; name = fd_5inch_16_add.xpm; path = res/fd_5inch_16_add.xpm; sourceTree = "<group>"; };
		D93E435B2161EDBA0041FCCA /* fd_5inch_16_delete.xpm */ = {isa = PBXFileReference; fileEncoding = 4; lastKnownFileType = text; name = fd_5inch_16_delete.xpm; path = res/fd_5inch_16_delete.xpm; sourceTree = "<group>"; };
		D93E435C2161EDBA0041FCCA /* fd_5inch_16_export.xpm */ = {isa = PBXFileReference; fileEncoding = 4; lastKnownFileType = text; name = fd_5inch_16_export.xpm; path = res/fd_5inch_16_export.xpm; sourceTree = "<group>"; };
		D93E435D2161EDBA0041FCCA /* fd_5inch_16_import.xpm */ = {isa = PBXFileReference; fileEncoding = 4; lastKnownFileType = text; name = fd_5inch_16_import.xpm; path = res/fd_5inch_16_import.xpm; sourceTree = "<group>"; };
		D93E435E2161EDBA0041FCCA /* fd_5inch_16_new.xpm */ = {isa = PBXFileReference; fileEncoding = 4; lastKnownFileType = text; name = fd_5inch_16_new.xpm; path = res/fd_5inch_16_new.xpm; sourceTree = "<group>"; };
		D93E435F2161EDBA0041FCCA /* fd_5inch_16_open.xpm */ = {isa = PBXFileReference; fileEncoding = 4; lastKnownFileType = text; name = fd_5inch_16_open.xpm; path = res/fd_5inch_16_open.xpm; sourceTree = "<group>"; };
		D991716D213296F10086F44F /* basiccommon.cpp */ = {isa = PBXFileReference; fileEncoding = 4; lastKnownFileType = sourcecode.cpp.cpp; path = basiccommon.cpp; sourceTree = "<group>"; };
		D991716E213296F10086F44F /* basiccommon.h */ = {isa = PBXFileReference; fileEncoding = 4; lastKnownFileType = sourcecode.c.h; path = basiccommon.h; sourceTree = "<group>"; };
		D991716F213296F10086F44F /* basicdir.cpp */ = {isa = PBXFileReference; fileEncoding = 4; lastKnownFileType = sourcecode.cpp.cpp; path = basicdir.cpp; sourceTree = "<group>"; };
		D9917170213296F10086F44F /* basicdir.h */ = {isa = PBXFileReference; fileEncoding = 4; lastKnownFileType = sourcecode.c.h; path = basicdir.h; sourceTree = "<group>"; };
		D9917171213296F10086F44F /* basicdiritem_fat8.cpp */ = {isa = PBXFileReference; fileEncoding = 4; lastKnownFileType = sourcecode.cpp.cpp; path = basicdiritem_fat8.cpp; sourceTree = "<group>"; };
		D9917172213296F10086F44F /* basicdiritem_fat8.h */ = {isa = PBXFileReference; fileEncoding = 4; lastKnownFileType = sourcecode.c.h; path = basicdiritem_fat8.h; sourceTree = "<group>"; };
		D9917173213296F10086F44F /* basicdiritem_fm.cpp */ = {isa = PBXFileReference; fileEncoding = 4; lastKnownFileType = sourcecode.cpp.cpp; path = basicdiritem_fm.cpp; sourceTree = "<group>"; };
		D9917174213296F10086F44F /* basicdiritem_fm.h */ = {isa = PBXFileReference; fileEncoding = 4; lastKnownFileType = sourcecode.c.h; path = basicdiritem_fm.h; sourceTree = "<group>"; };
		D9917175213296F10086F44F /* basicdiritem_l31s.cpp */ = {isa = PBXFileReference; fileEncoding = 4; lastKnownFileType = sourcecode.cpp.cpp; path = basicdiritem_l31s.cpp; sourceTree = "<group>"; };
		D9917176213296F10086F44F /* basicdiritem_l31s.h */ = {isa = PBXFileReference; fileEncoding = 4; lastKnownFileType = sourcecode.c.h; path = basicdiritem_l31s.h; sourceTree = "<group>"; };
		D9917177213296F10086F44F /* basicdiritem_l32d.cpp */ = {isa = PBXFileReference; fileEncoding = 4; lastKnownFileType = sourcecode.cpp.cpp; path = basicdiritem_l32d.cpp; sourceTree = "<group>"; };
		D9917178213296F10086F44F /* basicdiritem_l32d.h */ = {isa = PBXFileReference; fileEncoding = 4; lastKnownFileType = sourcecode.c.h; path = basicdiritem_l32d.h; sourceTree = "<group>"; };
		D9917179213296F10086F44F /* basicdiritem_msdos.cpp */ = {isa = PBXFileReference; fileEncoding = 4; lastKnownFileType = sourcecode.cpp.cpp; path = basicdiritem_msdos.cpp; sourceTree = "<group>"; };
		D991717A213296F10086F44F /* basicdiritem_msdos.h */ = {isa = PBXFileReference; fileEncoding = 4; lastKnownFileType = sourcecode.c.h; path = basicdiritem_msdos.h; sourceTree = "<group>"; };
		D991717B213296F10086F44F /* basicdiritem_msx.cpp */ = {isa = PBXFileReference; fileEncoding = 4; lastKnownFileType = sourcecode.cpp.cpp; path = basicdiritem_msx.cpp; sourceTree = "<group>"; };
		D991717C213296F10086F44F /* basicdiritem_msx.h */ = {isa = PBXFileReference; fileEncoding = 4; lastKnownFileType = sourcecode.c.h; path = basicdiritem_msx.h; sourceTree = "<group>"; };
		D991717D213296F10086F44F /* basicdiritem_mz.cpp */ = {isa = PBXFileReference; fileEncoding = 4; lastKnownFileType = sourcecode.cpp.cpp; path = basicdiritem_mz.cpp; sourceTree = "<group>"; };
		D991717E213296F10086F44F /* basicdiritem_mz.h */ = {isa = PBXFileReference; fileEncoding = 4; lastKnownFileType = sourcecode.c.h; path = basicdiritem_mz.h; sourceTree = "<group>"; };
		D991717F213296F10086F44F /* basicdiritem_n88.cpp */ = {isa = PBXFileReference; fileEncoding = 4; lastKnownFileType = sourcecode.cpp.cpp; path = basicdiritem_n88.cpp; sourceTree = "<group>"; };
		D9917180213296F10086F44F /* basicdiritem_n88.h */ = {isa = PBXFileReference; fileEncoding = 4; lastKnownFileType = sourcecode.c.h; path = basicdiritem_n88.h; sourceTree = "<group>"; };
		D9917181213296F10086F44F /* basicdiritem_x1hu.cpp */ = {isa = PBXFileReference; fileEncoding = 4; lastKnownFileType = sourcecode.cpp.cpp; path = basicdiritem_x1hu.cpp; sourceTree = "<group>"; };
		D9917182213296F10086F44F /* basicdiritem_x1hu.h */ = {isa = PBXFileReference; fileEncoding = 4; lastKnownFileType = sourcecode.c.h; path = basicdiritem_x1hu.h; sourceTree = "<group>"; };
		D9917183213296F10086F44F /* basicdiritem.cpp */ = {isa = PBXFileReference; fileEncoding = 4; lastKnownFileType = sourcecode.cpp.cpp; path = basicdiritem.cpp; sourceTree = "<group>"; };
		D9917184213296F10086F44F /* basicdiritem.h */ = {isa = PBXFileReference; fileEncoding = 4; lastKnownFileType = sourcecode.c.h; path = basicdiritem.h; sourceTree = "<group>"; };
		D9917185213296F10086F44F /* basicfat.cpp */ = {isa = PBXFileReference; fileEncoding = 4; lastKnownFileType = sourcecode.cpp.cpp; path = basicfat.cpp; sourceTree = "<group>"; };
		D9917186213296F10086F44F /* basicfat.h */ = {isa = PBXFileReference; fileEncoding = 4; lastKnownFileType = sourcecode.c.h; path = basicfat.h; sourceTree = "<group>"; };
		D9917187213296F10086F44F /* basicparam.cpp */ = {isa = PBXFileReference; fileEncoding = 4; lastKnownFileType = sourcecode.cpp.cpp; path = basicparam.cpp; sourceTree = "<group>"; };
		D9917188213296F10086F44F /* basicparam.h */ = {isa = PBXFileReference; fileEncoding = 4; lastKnownFileType = sourcecode.c.h; path = basicparam.h; sourceTree = "<group>"; };
		D9917189213296F10086F44F /* basicselbox.cpp */ = {isa = PBXFileReference; fileEncoding = 4; lastKnownFileType = sourcecode.cpp.cpp; path = basicselbox.cpp; sourceTree = "<group>"; };
		D991718A213296F10086F44F /* basicselbox.h */ = {isa = PBXFileReference; fileEncoding = 4; lastKnownFileType = sourcecode.c.h; path = basicselbox.h; sourceTree = "<group>"; };
		D991718B213296F10086F44F /* basictype_fat8.cpp */ = {isa = PBXFileReference; fileEncoding = 4; lastKnownFileType = sourcecode.cpp.cpp; path = basictype_fat8.cpp; sourceTree = "<group>"; };
		D991718C213296F10086F44F /* basictype_fat8.h */ = {isa = PBXFileReference; fileEncoding = 4; lastKnownFileType = sourcecode.c.h; path = basictype_fat8.h; sourceTree = "<group>"; };
		D991718D213296F10086F44F /* basictype_fat12.cpp */ = {isa = PBXFileReference; fileEncoding = 4; lastKnownFileType = sourcecode.cpp.cpp; path = basictype_fat12.cpp; sourceTree = "<group>"; };
		D991718E213296F10086F44F /* basictype_fat12.h */ = {isa = PBXFileReference; fileEncoding = 4; lastKnownFileType = sourcecode.c.h; path = basictype_fat12.h; sourceTree = "<group>"; };
		D991718F213296F10086F44F /* basictype_fm.cpp */ = {isa = PBXFileReference; fileEncoding = 4; lastKnownFileType = sourcecode.cpp.cpp; path = basictype_fm.cpp; sourceTree = "<group>"; };
		D9917190213296F10086F44F /* basictype_fm.h */ = {isa = PBXFileReference; fileEncoding = 4; lastKnownFileType = sourcecode.c.h; path = basictype_fm.h; sourceTree = "<group>"; };
		D9917191213296F10086F44F /* basictype_l31s.cpp */ = {isa = PBXFileReference; fileEncoding = 4; lastKnownFileType = sourcecode.cpp.cpp; path = basictype_l31s.cpp; sourceTree = "<group>"; };
		D9917192213296F10086F44F /* basictype_l31s.h */ = {isa = PBXFileReference; fileEncoding = 4; lastKnownFileType = sourcecode.c.h; path = basictype_l31s.h; sourceTree = "<group>"; };
		D9917193213296F10086F44F /* basictype_l32d.cpp */ = {isa = PBXFileReference; fileEncoding = 4; lastKnownFileType = sourcecode.cpp.cpp; path = basictype_l32d.cpp; sourceTree = "<group>"; };
		D9917194213296F10086F44F /* basictype_l32d.h */ = {isa = PBXFileReference; fileEncoding = 4; lastKnownFileType = sourcecode.c.h; path = basictype_l32d.h; sourceTree = "<group>"; };
		D9917195213296F10086F44F /* basictype_msx.cpp */ = {isa = PBXFileReference; fileEncoding = 4; lastKnownFileType = sourcecode.cpp.cpp; path = basictype_msx.cpp; sourceTree = "<group>"; };
		D9917196213296F10086F44F /* basictype_msx.h */ = {isa = PBXFileReference; fileEncoding = 4; lastKnownFileType = sourcecode.c.h; path = basictype_msx.h; sourceTree = "<group>"; };
		D9917197213296F10086F44F /* basictype_mz.cpp */ = {isa = PBXFileReference; fileEncoding = 4; lastKnownFileType = sourcecode.cpp.cpp; path = basictype_mz.cpp; sourceTree = "<group>"; };
		D9917198213296F10086F44F /* basictype_mz.h */ = {isa = PBXFileReference; fileEncoding = 4; lastKnownFileType = sourcecode.c.h; path = basictype_mz.h; sourceTree = "<group>"; };
		D9917199213296F10086F44F /* basictype_n88.cpp */ = {isa = PBXFileReference; fileEncoding = 4; lastKnownFileType = sourcecode.cpp.cpp; path = basictype_n88.cpp; sourceTree = "<group>"; };
		D991719A213296F10086F44F /* basictype_n88.h */ = {isa = PBXFileReference; fileEncoding = 4; lastKnownFileType = sourcecode.c.h; path = basictype_n88.h; sourceTree = "<group>"; };
		D991719B213296F10086F44F /* basictype_x1hu.cpp */ = {isa = PBXFileReference; fileEncoding = 4; lastKnownFileType = sourcecode.cpp.cpp; path = basictype_x1hu.cpp; sourceTree = "<group>"; };
		D991719C213296F10086F44F /* basictype_x1hu.h */ = {isa = PBXFileReference; fileEncoding = 4; lastKnownFileType = sourcecode.c.h; path = basictype_x1hu.h; sourceTree = "<group>"; };
		D991719D213296F10086F44F /* basictype.cpp */ = {isa = PBXFileReference; fileEncoding = 4; lastKnownFileType = sourcecode.cpp.cpp; path = basictype.cpp; sourceTree = "<group>"; };
		D991719E213296F10086F44F /* basictype.h */ = {isa = PBXFileReference; fileEncoding = 4; lastKnownFileType = sourcecode.c.h; path = basictype.h; sourceTree = "<group>"; };
		D991719F213296F10086F44F /* common.cpp */ = {isa = PBXFileReference; fileEncoding = 4; lastKnownFileType = sourcecode.cpp.cpp; path = common.cpp; sourceTree = "<group>"; };
		D99171A0213296F10086F44F /* diskdskparser.cpp */ = {isa = PBXFileReference; fileEncoding = 4; lastKnownFileType = sourcecode.cpp.cpp; path = diskdskparser.cpp; sourceTree = "<group>"; };
		D99171A1213296F10086F44F /* diskdskparser.h */ = {isa = PBXFileReference; fileEncoding = 4; lastKnownFileType = sourcecode.c.h; path = diskdskparser.h; sourceTree = "<group>"; };
		D99171A2213296F10086F44F /* diskparser.cpp */ = {isa = PBXFileReference; fileEncoding = 4; lastKnownFileType = sourcecode.cpp.cpp; path = diskparser.cpp; sourceTree = "<group>"; };
		D99171A3213296F10086F44F /* diskparser.h */ = {isa = PBXFileReference; fileEncoding = 4; lastKnownFileType = sourcecode.c.h; path = diskparser.h; sourceTree = "<group>"; };
		D99171A4213296F10086F44F /* diskresult.cpp */ = {isa = PBXFileReference; fileEncoding = 4; lastKnownFileType = sourcecode.cpp.cpp; path = diskresult.cpp; sourceTree = "<group>"; };
		D99171A5213296F10086F44F /* diskresult.h */ = {isa = PBXFileReference; fileEncoding = 4; lastKnownFileType = sourcecode.c.h; path = diskresult.h; sourceTree = "<group>"; };
		D99171A6213296F10086F44F /* fileparam.cpp */ = {isa = PBXFileReference; fileEncoding = 4; lastKnownFileType = sourcecode.cpp.cpp; path = fileparam.cpp; sourceTree = "<group>"; };
		D99171A7213296F10086F44F /* fileparam.h */ = {isa = PBXFileReference; fileEncoding = 4; lastKnownFileType = sourcecode.c.h; path = fileparam.h; sourceTree = "<group>"; };
		D99171C621329C8A0086F44F /* file_types.xml */ = {isa = PBXFileReference; fileEncoding = 4; lastKnownFileType = text.xml; path = file_types.xml; sourceTree = "<group>"; };
		D996BCD8213CF34000902715 /* basicerror.cpp */ = {isa = PBXFileReference; fileEncoding = 4; lastKnownFileType = sourcecode.cpp.cpp; path = basicerror.cpp; sourceTree = "<group>"; };
		D996BCD9213CF34000902715 /* basicerror.h */ = {isa = PBXFileReference; fileEncoding = 4; lastKnownFileType = sourcecode.c.h; path = basicerror.h; sourceTree = "<group>"; };
		D996BCDA213CF34000902715 /* diskd88writer.cpp */ = {isa = PBXFileReference; fileEncoding = 4; lastKnownFileType = sourcecode.cpp.cpp; path = diskd88writer.cpp; sourceTree = "<group>"; };
		D996BCDB213CF34000902715 /* diskd88writer.h */ = {isa = PBXFileReference; fileEncoding = 4; lastKnownFileType = sourcecode.c.h; path = diskd88writer.h; sourceTree = "<group>"; };
		D996BCDC213CF34000902715 /* diskplainparser.cpp */ = {isa = PBXFileReference; fileEncoding = 4; lastKnownFileType = sourcecode.cpp.cpp; path = diskplainparser.cpp; sourceTree = "<group>"; };
		D996BCDD213CF34000902715 /* diskplainparser.h */ = {isa = PBXFileReference; fileEncoding = 4; lastKnownFileType = sourcecode.c.h; path = diskplainparser.h; sourceTree = "<group>"; };
		D996BCDE213CF34000902715 /* diskplainwriter.cpp */ = {isa = PBXFileReference; fileEncoding = 4; lastKnownFileType = sourcecode.cpp.cpp; path = diskplainwriter.cpp; sourceTree = "<group>"; };
		D996BCDF213CF34000902715 /* diskplainwriter.h */ = {isa = PBXFileReference; fileEncoding = 4; lastKnownFileType = sourcecode.c.h; path = diskplainwriter.h; sourceTree = "<group>"; };
		D996BCE0213CF34000902715 /* diskwriter.cpp */ = {isa = PBXFileReference; fileEncoding = 4; lastKnownFileType = sourcecode.cpp.cpp; path = diskwriter.cpp; sourceTree = "<group>"; };
		D996BCE1213CF34000902715 /* diskwriter.h */ = {isa = PBXFileReference; fileEncoding = 4; lastKnownFileType = sourcecode.c.h; path = diskwriter.h; sourceTree = "<group>"; };
		D996BCE2213CF34000902715 /* fileselbox.cpp */ = {isa = PBXFileReference; fileEncoding = 4; lastKnownFileType = sourcecode.cpp.cpp; path = fileselbox.cpp; sourceTree = "<group>"; };
		D996BCE3213CF34000902715 /* fileselbox.h */ = {isa = PBXFileReference; fileEncoding = 4; lastKnownFileType = sourcecode.c.h; path = fileselbox.h; sourceTree = "<group>"; };
		D996BCE4213CF34000902715 /* fontminibox.cpp */ = {isa = PBXFileReference; fileEncoding = 4; lastKnownFileType = sourcecode.cpp.cpp; path = fontminibox.cpp; sourceTree = "<group>"; };
		D996BCE5213CF34000902715 /* fontminibox.h */ = {isa = PBXFileReference; fileEncoding = 4; lastKnownFileType = sourcecode.c.h; path = fontminibox.h; sourceTree = "<group>"; };
		D996BCE6213CF34000902715 /* logging.cpp */ = {isa = PBXFileReference; fileEncoding = 4; lastKnownFileType = sourcecode.cpp.cpp; path = logging.cpp; sourceTree = "<group>"; };
		D996BCE7213CF34000902715 /* logging.h */ = {isa = PBXFileReference; fileEncoding = 4; lastKnownFileType = sourcecode.c.h; path = logging.h; sourceTree = "<group>"; };
		D996BCE8213CF34000902715 /* uirpanel.cpp */ = {isa = PBXFileReference; fileEncoding = 4; lastKnownFileType = sourcecode.cpp.cpp; path = uirpanel.cpp; sourceTree = "<group>"; };
		D996BCE9213CF34000902715 /* uirpanel.h */ = {isa = PBXFileReference; fileEncoding = 4; lastKnownFileType = sourcecode.c.h; path = uirpanel.h; sourceTree = "<group>"; };
		D9A3F3CA2143EC160090DA99 /* basicdiritem_cpm.cpp */ = {isa = PBXFileReference; fileEncoding = 4; lastKnownFileType = sourcecode.cpp.cpp; path = basicdiritem_cpm.cpp; sourceTree = "<group>"; };
		D9A3F3CB2143EC160090DA99 /* basicdiritem_cpm.h */ = {isa = PBXFileReference; fileEncoding = 4; lastKnownFileType = sourcecode.c.h; path = basicdiritem_cpm.h; sourceTree = "<group>"; };
		D9A3F3CC2143EC160090DA99 /* basicdiritem_flex.cpp */ = {isa = PBXFileReference; fileEncoding = 4; lastKnownFileType = sourcecode.cpp.cpp; path = basicdiritem_flex.cpp; sourceTree = "<group>"; };
		D9A3F3CD2143EC160090DA99 /* basicdiritem_flex.h */ = {isa = PBXFileReference; fileEncoding = 4; lastKnownFileType = sourcecode.c.h; path = basicdiritem_flex.h; sourceTree = "<group>"; };
		D9A3F3CE2143EC160090DA99 /* basicdiritem_os9.cpp */ = {isa = PBXFileReference; fileEncoding = 4; lastKnownFileType = sourcecode.cpp.cpp; path = basicdiritem_os9.cpp; sourceTree = "<group>"; };
		D9A3F3CF2143EC160090DA99 /* basicdiritem_os9.h */ = {isa = PBXFileReference; fileEncoding = 4; lastKnownFileType = sourcecode.c.h; path = basicdiritem_os9.h; sourceTree = "<group>"; };
		D9A3F3D02143EC160090DA99 /* basictype_cpm.cpp */ = {isa = PBXFileReference; fileEncoding = 4; lastKnownFileType = sourcecode.cpp.cpp; path = basictype_cpm.cpp; sourceTree = "<group>"; };
		D9A3F3D12143EC160090DA99 /* basictype_cpm.h */ = {isa = PBXFileReference; fileEncoding = 4; lastKnownFileType = sourcecode.c.h; path = basictype_cpm.h; sourceTree = "<group>"; };
		D9A3F3D22143EC160090DA99 /* basictype_flex.cpp */ = {isa = PBXFileReference; fileEncoding = 4; lastKnownFileType = sourcecode.cpp.cpp; path = basictype_flex.cpp; sourceTree = "<group>"; };
		D9A3F3D32143EC160090DA99 /* basictype_flex.h */ = {isa = PBXFileReference; fileEncoding = 4; lastKnownFileType = sourcecode.c.h; path = basictype_flex.h; sourceTree = "<group>"; };
		D9A3F3D42143EC160090DA99 /* basictype_os9.cpp */ = {isa = PBXFileReference; fileEncoding = 4; lastKnownFileType = sourcecode.cpp.cpp; path = basictype_os9.cpp; sourceTree = "<group>"; };
		D9A3F3D52143EC160090DA99 /* basictype_os9.h */ = {isa = PBXFileReference; fileEncoding = 4; lastKnownFileType = sourcecode.c.h; path = basictype_os9.h; sourceTree = "<group>"; };
		D9A3F3D62143EC160090DA99 /* uifatarea.cpp */ = {isa = PBXFileReference; fileEncoding = 4; lastKnownFileType = sourcecode.cpp.cpp; path = uifatarea.cpp; sourceTree = "<group>"; };
		D9A3F3D72143EC160090DA99 /* uifatarea.h */ = {isa = PBXFileReference; fileEncoding = 4; lastKnownFileType = sourcecode.c.h; path = uifatarea.h; sourceTree = "<group>"; };
		D9AA506E1E4C8A9300F68374 /* diskd88creator.cpp */ = {isa = PBXFileReference; fileEncoding = 4; lastKnownFileType = sourcecode.cpp.cpp; path = diskd88creator.cpp; sourceTree = "<group>"; };
		D9AA506F1E4C8A9300F68374 /* diskd88creator.h */ = {isa = PBXFileReference; fileEncoding = 4; lastKnownFileType = sourcecode.c.h; path = diskd88creator.h; sourceTree = "<group>"; };
		D9AA50701E4C8A9300F68374 /* diskd88parser.cpp */ = {isa = PBXFileReference; fileEncoding = 4; lastKnownFileType = sourcecode.cpp.cpp; path = diskd88parser.cpp; sourceTree = "<group>"; };
		D9AA50711E4C8A9300F68374 /* diskd88parser.h */ = {isa = PBXFileReference; fileEncoding = 4; lastKnownFileType = sourcecode.c.h; path = diskd88parser.h; sourceTree = "<group>"; };
		D9AA50721E4C8A9300F68374 /* diskparam.cpp */ = {isa = PBXFileReference; fileEncoding = 4; lastKnownFileType = sourcecode.cpp.cpp; path = diskparam.cpp; sourceTree = "<group>"; };
		D9AA50731E4C8A9300F68374 /* diskparam.h */ = {isa = PBXFileReference; fileEncoding = 4; lastKnownFileType = sourcecode.c.h; path = diskparam.h; sourceTree = "<group>"; };
		D9C49E571BF1BCA200831032 /* l3diskex.app */ = {isa = PBXFileReference; explicitFileType = wrapper.application; includeInIndex = 0; path = l3diskex.app; sourceTree = BUILT_PRODUCTS_DIR; };
		D9C49E7A1BF1BD8700831032 /* Info.plist */ = {isa = PBXFileReference; fileEncoding = 4; lastKnownFileType = text.plist.xml; name = Info.plist; path = ../../src/res/Info.plist; sourceTree = "<group>"; };
		D9C49E7C1BF1BDB100831032 /* basicfmt.cpp */ = {isa = PBXFileReference; lastKnownFileType = sourcecode.cpp.cpp; name = basicfmt.cpp; path = ../../src/basicfmt.cpp; sourceTree = SOURCE_ROOT; };
		D9C49E7D1BF1BDB100831032 /* basicfmt.h */ = {isa = PBXFileReference; lastKnownFileType = sourcecode.c.h; name = basicfmt.h; path = ../../src/basicfmt.h; sourceTree = SOURCE_ROOT; };
		D9C49E7E1BF1BDB100831032 /* charcodes.cpp */ = {isa = PBXFileReference; lastKnownFileType = sourcecode.cpp.cpp; name = charcodes.cpp; path = ../../src/charcodes.cpp; sourceTree = SOURCE_ROOT; };
		D9C49E7F1BF1BDB100831032 /* charcodes.h */ = {isa = PBXFileReference; lastKnownFileType = sourcecode.c.h; name = charcodes.h; path = ../../src/charcodes.h; sourceTree = SOURCE_ROOT; };
		D9C49E801BF1BDB100831032 /* common.h */ = {isa = PBXFileReference; lastKnownFileType = sourcecode.c.h; name = common.h; path = ../../src/common.h; sourceTree = SOURCE_ROOT; };
		D9C49E811BF1BDB100831032 /* config.cpp */ = {isa = PBXFileReference; lastKnownFileType = sourcecode.cpp.cpp; name = config.cpp; path = ../../src/config.cpp; sourceTree = SOURCE_ROOT; };
		D9C49E821BF1BDB100831032 /* config.h */ = {isa = PBXFileReference; lastKnownFileType = sourcecode.c.h; name = config.h; path = ../../src/config.h; sourceTree = SOURCE_ROOT; };
		D9C49E831BF1BDB100831032 /* diskd88.cpp */ = {isa = PBXFileReference; lastKnownFileType = sourcecode.cpp.cpp; name = diskd88.cpp; path = ../../src/diskd88.cpp; sourceTree = SOURCE_ROOT; };
		D9C49E841BF1BDB100831032 /* diskd88.h */ = {isa = PBXFileReference; lastKnownFileType = sourcecode.c.h; name = diskd88.h; path = ../../src/diskd88.h; sourceTree = SOURCE_ROOT; };
		D9C49E851BF1BDB100831032 /* diskparambox.cpp */ = {isa = PBXFileReference; lastKnownFileType = sourcecode.cpp.cpp; name = diskparambox.cpp; path = ../../src/diskparambox.cpp; sourceTree = SOURCE_ROOT; };
		D9C49E861BF1BDB100831032 /* diskparambox.h */ = {isa = PBXFileReference; lastKnownFileType = sourcecode.c.h; name = diskparambox.h; path = ../../src/diskparambox.h; sourceTree = SOURCE_ROOT; };
		D9C49E871BF1BDB100831032 /* intnamebox.cpp */ = {isa = PBXFileReference; lastKnownFileType = sourcecode.cpp.cpp; name = intnamebox.cpp; path = ../../src/intnamebox.cpp; sourceTree = SOURCE_ROOT; };
		D9C49E881BF1BDB100831032 /* intnamebox.h */ = {isa = PBXFileReference; lastKnownFileType = sourcecode.c.h; name = intnamebox.h; path = ../../src/intnamebox.h; sourceTree = SOURCE_ROOT; };
		D9C49E8A1BF1BDB100831032 /* main.cpp */ = {isa = PBXFileReference; lastKnownFileType = sourcecode.cpp.cpp; name = main.cpp; path = ../../src/main.cpp; sourceTree = SOURCE_ROOT; };
		D9C49E8B1BF1BDB100831032 /* main.h */ = {isa = PBXFileReference; lastKnownFileType = sourcecode.c.h; name = main.h; path = ../../src/main.h; sourceTree = SOURCE_ROOT; };
		D9C49E9C1BF1BDC000831032 /* result.cpp */ = {isa = PBXFileReference; lastKnownFileType = sourcecode.cpp.cpp; name = result.cpp; path = ../../src/result.cpp; sourceTree = SOURCE_ROOT; };
		D9C49E9D1BF1BDC000831032 /* result.h */ = {isa = PBXFileReference; lastKnownFileType = sourcecode.c.h; name = result.h; path = ../../src/result.h; sourceTree = SOURCE_ROOT; };
		D9C49E9E1BF1BDC000831032 /* rawsectorbox.cpp */ = {isa = PBXFileReference; lastKnownFileType = sourcecode.cpp.cpp; name = rawsectorbox.cpp; path = ../../src/rawsectorbox.cpp; sourceTree = SOURCE_ROOT; };
		D9C49E9F1BF1BDC000831032 /* rawsectorbox.h */ = {isa = PBXFileReference; lastKnownFileType = sourcecode.c.h; name = rawsectorbox.h; path = ../../src/rawsectorbox.h; sourceTree = SOURCE_ROOT; };
		D9C49EA01BF1BDC000831032 /* uibindump.cpp */ = {isa = PBXFileReference; lastKnownFileType = sourcecode.cpp.cpp; name = uibindump.cpp; path = ../../src/uibindump.cpp; sourceTree = SOURCE_ROOT; };
		D9C49EA11BF1BDC000831032 /* uibindump.h */ = {isa = PBXFileReference; lastKnownFileType = sourcecode.c.h; name = uibindump.h; path = ../../src/uibindump.h; sourceTree = SOURCE_ROOT; };
		D9C49EA21BF1BDC000831032 /* uidiskattr.cpp */ = {isa = PBXFileReference; lastKnownFileType = sourcecode.cpp.cpp; name = uidiskattr.cpp; path = ../../src/uidiskattr.cpp; sourceTree = SOURCE_ROOT; };
		D9C49EA31BF1BDC000831032 /* uidiskattr.h */ = {isa = PBXFileReference; lastKnownFileType = sourcecode.c.h; name = uidiskattr.h; path = ../../src/uidiskattr.h; sourceTree = SOURCE_ROOT; };
		D9C49EA41BF1BDC000831032 /* uidisklist.cpp */ = {isa = PBXFileReference; lastKnownFileType = sourcecode.cpp.cpp; name = uidisklist.cpp; path = ../../src/uidisklist.cpp; sourceTree = SOURCE_ROOT; };
		D9C49EA51BF1BDC000831032 /* uidisklist.h */ = {isa = PBXFileReference; lastKnownFileType = sourcecode.c.h; name = uidisklist.h; path = ../../src/uidisklist.h; sourceTree = SOURCE_ROOT; };
		D9C49EA61BF1BDC000831032 /* uifilelist.cpp */ = {isa = PBXFileReference; lastKnownFileType = sourcecode.cpp.cpp; name = uifilelist.cpp; path = ../../src/uifilelist.cpp; sourceTree = SOURCE_ROOT; };
		D9C49EA71BF1BDC000831032 /* uifilelist.h */ = {isa = PBXFileReference; lastKnownFileType = sourcecode.c.h; name = uifilelist.h; path = ../../src/uifilelist.h; sourceTree = SOURCE_ROOT; };
		D9C49EA81BF1BDC000831032 /* uirawdisk.cpp */ = {isa = PBXFileReference; lastKnownFileType = sourcecode.cpp.cpp; name = uirawdisk.cpp; path = ../../src/uirawdisk.cpp; sourceTree = SOURCE_ROOT; };
		D9C49EA91BF1BDC000831032 /* uirawdisk.h */ = {isa = PBXFileReference; lastKnownFileType = sourcecode.c.h; name = uirawdisk.h; path = ../../src/uirawdisk.h; sourceTree = SOURCE_ROOT; };
		D9C49EAA1BF1BDC000831032 /* utils.cpp */ = {isa = PBXFileReference; lastKnownFileType = sourcecode.cpp.cpp; name = utils.cpp; path = ../../src/utils.cpp; sourceTree = SOURCE_ROOT; };
		D9C49EAB1BF1BDC000831032 /* utils.h */ = {isa = PBXFileReference; lastKnownFileType = sourcecode.c.h; name = utils.h; path = ../../src/utils.h; sourceTree = SOURCE_ROOT; };
		D9C49EAC1BF1BDC000831032 /* version.h */ = {isa = PBXFileReference; lastKnownFileType = sourcecode.c.h; name = version.h; path = ../../src/version.h; sourceTree = SOURCE_ROOT; };
		D9C49EBE1BF1C01400831032 /* IOKit.framework */ = {isa = PBXFileReference; lastKnownFileType = wrapper.framework; name = IOKit.framework; path = System/Library/Frameworks/IOKit.framework; sourceTree = SDKROOT; };
		D9C49EC01BF1C02200831032 /* Carbon.framework */ = {isa = PBXFileReference; lastKnownFileType = wrapper.framework; name = Carbon.framework; path = System/Library/Frameworks/Carbon.framework; sourceTree = SDKROOT; };
		D9C49EC21BF1C02D00831032 /* Cocoa.framework */ = {isa = PBXFileReference; lastKnownFileType = wrapper.framework; name = Cocoa.framework; path = System/Library/Frameworks/Cocoa.framework; sourceTree = SDKROOT; };
		D9C49EC41BF1C03700831032 /* AudioToolbox.framework */ = {isa = PBXFileReference; lastKnownFileType = wrapper.framework; name = AudioToolbox.framework; path = System/Library/Frameworks/AudioToolbox.framework; sourceTree = SDKROOT; };
		D9C49EC61BF1C05900831032 /* OpenGL.framework */ = {isa = PBXFileReference; lastKnownFileType = wrapper.framework; name = OpenGL.framework; path = System/Library/Frameworks/OpenGL.framework; sourceTree = SDKROOT; };
		D9C49EF11BF1CA4100831032 /* WebKit.framework */ = {isa = PBXFileReference; lastKnownFileType = wrapper.framework; name = WebKit.framework; path = System/Library/Frameworks/WebKit.framework; sourceTree = SDKROOT; };
		D9C49EF41BF1D26400831032 /* basic_types.xml */ = {isa = PBXFileReference; lastKnownFileType = text.xml; path = basic_types.xml; sourceTree = "<group>"; };
		D9C49EF51BF1D26400831032 /* char_codes.xml */ = {isa = PBXFileReference; lastKnownFileType = text.xml; path = char_codes.xml; sourceTree = "<group>"; };
		D9C49EF61BF1D26400831032 /* disk_types.xml */ = {isa = PBXFileReference; lastKnownFileType = text.xml; path = disk_types.xml; sourceTree = "<group>"; };
		D9C49EFC1BF1D2C700831032 /* l3diskex.mo */ = {isa = PBXFileReference; lastKnownFileType = file; path = l3diskex.mo; sourceTree = "<group>"; };
		D9C49EFD1BF1D2C700831032 /* l3diskex.po */ = {isa = PBXFileReference; lastKnownFileType = text; path = l3diskex.po; sourceTree = "<group>"; };
		D9C49F051BF1D4CB00831032 /* l3diskex.icns */ = {isa = PBXFileReference; lastKnownFileType = image.icns; name = l3diskex.icns; path = ../../src/res/l3diskex.icns; sourceTree = "<group>"; };
		D9D2D4C81BFF12F300AA70F8 /* rawexpbox.cpp */ = {isa = PBXFileReference; fileEncoding = 4; lastKnownFileType = sourcecode.cpp.cpp; path = rawexpbox.cpp; sourceTree = "<group>"; };
		D9D2D4C91BFF12F300AA70F8 /* rawexpbox.h */ = {isa = PBXFileReference; fileEncoding = 4; lastKnownFileType = sourcecode.c.h; path = rawexpbox.h; sourceTree = "<group>"; };
		D9DA0AD221899BAD00649C28 /* basicparambox.cpp */ = {isa = PBXFileReference; fileEncoding = 4; lastKnownFileType = sourcecode.cpp.cpp; path = basicparambox.cpp; sourceTree = "<group>"; };
		D9DA0AD321899BAD00649C28 /* basicparambox.h */ = {isa = PBXFileReference; fileEncoding = 4; lastKnownFileType = sourcecode.c.h; path = basicparambox.h; sourceTree = "<group>"; };
/* End PBXFileReference section */

/* Begin PBXFrameworksBuildPhase section */
		D9C49E541BF1BCA200831032 /* Frameworks */ = {
			isa = PBXFrameworksBuildPhase;
			buildActionMask = 2147483647;
			files = (
				D9C49EC71BF1C05900831032 /* OpenGL.framework in Frameworks */,
				D9C49EC51BF1C03700831032 /* AudioToolbox.framework in Frameworks */,
				D9C49EC31BF1C02D00831032 /* Cocoa.framework in Frameworks */,
				D9C49EC11BF1C02200831032 /* Carbon.framework in Frameworks */,
				D9C49EBF1BF1C01400831032 /* IOKit.framework in Frameworks */,
				D9C49EF21BF1CA4100831032 /* WebKit.framework in Frameworks */,
			);
			runOnlyForDeploymentPostprocessing = 0;
		};
/* End PBXFrameworksBuildPhase section */

/* Begin PBXGroup section */
		D93E43682161EDE20041FCCA /* res */ = {
			isa = PBXGroup;
			children = (
				D93E43582161EDBA0041FCCA /* fd_5inch_16_1.xpm */,
				D93E43592161EDBA0041FCCA /* fd_5inch_16_2.xpm */,
				D93E435A2161EDBA0041FCCA /* fd_5inch_16_add.xpm */,
				D93E435B2161EDBA0041FCCA /* fd_5inch_16_delete.xpm */,
				D93E435C2161EDBA0041FCCA /* fd_5inch_16_export.xpm */,
				D93E435D2161EDBA0041FCCA /* fd_5inch_16_import.xpm */,
				D93E435E2161EDBA0041FCCA /* fd_5inch_16_new.xpm */,
				D93E435F2161EDBA0041FCCA /* fd_5inch_16_open.xpm */,
			);
			name = res;
			path = ../../src;
			sourceTree = SOURCE_ROOT;
		};
		D9C49E4E1BF1BCA200831032 = {
			isa = PBXGroup;
			children = (
				D9C49F071BF1D4E500831032 /* Resources */,
				D9C49EF01BF1C55F00831032 /* Frameworks */,
				D9C49E591BF1BCA200831032 /* Sources */,
				D9C49E581BF1BCA200831032 /* Products */,
			);
			sourceTree = "<group>";
		};
		D9C49E581BF1BCA200831032 /* Products */ = {
			isa = PBXGroup;
			children = (
				D9C49E571BF1BCA200831032 /* l3diskex.app */,
			);
			name = Products;
			sourceTree = "<group>";
		};
		D9C49E591BF1BCA200831032 /* Sources */ = {
			isa = PBXGroup;
			children = (
				D991716D213296F10086F44F /* basiccommon.cpp */,
				D991716E213296F10086F44F /* basiccommon.h */,
				D991716F213296F10086F44F /* basicdir.cpp */,
				D9917170213296F10086F44F /* basicdir.h */,
				D9A3F3CA2143EC160090DA99 /* basicdiritem_cpm.cpp */,
				D9A3F3CB2143EC160090DA99 /* basicdiritem_cpm.h */,
				D9917171213296F10086F44F /* basicdiritem_fat8.cpp */,
				D9917172213296F10086F44F /* basicdiritem_fat8.h */,
				D9A3F3CC2143EC160090DA99 /* basicdiritem_flex.cpp */,
				D9A3F3CD2143EC160090DA99 /* basicdiritem_flex.h */,
				D9917173213296F10086F44F /* basicdiritem_fm.cpp */,
				D9917174213296F10086F44F /* basicdiritem_fm.h */,
				D9917175213296F10086F44F /* basicdiritem_l31s.cpp */,
				D9917176213296F10086F44F /* basicdiritem_l31s.h */,
				D9917177213296F10086F44F /* basicdiritem_l32d.cpp */,
				D9917178213296F10086F44F /* basicdiritem_l32d.h */,
				D9917179213296F10086F44F /* basicdiritem_msdos.cpp */,
				D991717A213296F10086F44F /* basicdiritem_msdos.h */,
				D991717B213296F10086F44F /* basicdiritem_msx.cpp */,
				D991717C213296F10086F44F /* basicdiritem_msx.h */,
				D923191121A5314600EB1FCD /* basicdiritem_mz_base.cpp */,
				D923191221A5314600EB1FCD /* basicdiritem_mz_base.h */,
				D991717D213296F10086F44F /* basicdiritem_mz.cpp */,
				D991717E213296F10086F44F /* basicdiritem_mz.h */,
				D991717F213296F10086F44F /* basicdiritem_n88.cpp */,
				D9917180213296F10086F44F /* basicdiritem_n88.h */,
				D9A3F3CE2143EC160090DA99 /* basicdiritem_os9.cpp */,
				D9A3F3CF2143EC160090DA99 /* basicdiritem_os9.h */,
				D93D1935219DBB8800A3E51C /* basicdiritem_tfdos.cpp */,
				D93D1936219DBB8800A3E51C /* basicdiritem_tfdos.h */,
				D9917181213296F10086F44F /* basicdiritem_x1hu.cpp */,
				D9917182213296F10086F44F /* basicdiritem_x1hu.h */,
				D9917183213296F10086F44F /* basicdiritem.cpp */,
				D9917184213296F10086F44F /* basicdiritem.h */,
				D996BCD8213CF34000902715 /* basicerror.cpp */,
				D996BCD9213CF34000902715 /* basicerror.h */,
				D9917185213296F10086F44F /* basicfat.cpp */,
				D9917186213296F10086F44F /* basicfat.h */,
				D9C49E7C1BF1BDB100831032 /* basicfmt.cpp */,
				D9C49E7D1BF1BDB100831032 /* basicfmt.h */,
				D9917187213296F10086F44F /* basicparam.cpp */,
				D9917188213296F10086F44F /* basicparam.h */,
				D9DA0AD221899BAD00649C28 /* basicparambox.cpp */,
				D9DA0AD321899BAD00649C28 /* basicparambox.h */,
				D9917189213296F10086F44F /* basicselbox.cpp */,
				D991718A213296F10086F44F /* basicselbox.h */,
				D9A3F3D02143EC160090DA99 /* basictype_cpm.cpp */,
				D9A3F3D12143EC160090DA99 /* basictype_cpm.h */,
				D991718B213296F10086F44F /* basictype_fat8.cpp */,
				D991718C213296F10086F44F /* basictype_fat8.h */,
				D991718D213296F10086F44F /* basictype_fat12.cpp */,
				D991718E213296F10086F44F /* basictype_fat12.h */,
				D9A3F3D22143EC160090DA99 /* basictype_flex.cpp */,
				D9A3F3D32143EC160090DA99 /* basictype_flex.h */,
				D991718F213296F10086F44F /* basictype_fm.cpp */,
				D9917190213296F10086F44F /* basictype_fm.h */,
				D9917191213296F10086F44F /* basictype_l31s.cpp */,
				D9917192213296F10086F44F /* basictype_l31s.h */,
				D9917193213296F10086F44F /* basictype_l32d.cpp */,
				D9917194213296F10086F44F /* basictype_l32d.h */,
				D91F9B282178D5130060D5BB /* basictype_msdos.cpp */,
				D91F9B292178D5130060D5BB /* basictype_msdos.h */,
				D9917195213296F10086F44F /* basictype_msx.cpp */,
				D9917196213296F10086F44F /* basictype_msx.h */,
				D923191321A5314600EB1FCD /* basictype_mz_base.cpp */,
				D923191421A5314600EB1FCD /* basictype_mz_base.h */,
				D9917197213296F10086F44F /* basictype_mz.cpp */,
				D9917198213296F10086F44F /* basictype_mz.h */,
				D9917199213296F10086F44F /* basictype_n88.cpp */,
				D991719A213296F10086F44F /* basictype_n88.h */,
				D9A3F3D42143EC160090DA99 /* basictype_os9.cpp */,
				D9A3F3D52143EC160090DA99 /* basictype_os9.h */,
				D93D1937219DBB8800A3E51C /* basictype_tfdos.cpp */,
				D93D1938219DBB8800A3E51C /* basictype_tfdos.h */,
				D991719B213296F10086F44F /* basictype_x1hu.cpp */,
				D991719C213296F10086F44F /* basictype_x1hu.h */,
				D991719D213296F10086F44F /* basictype.cpp */,
				D991719E213296F10086F44F /* basictype.h */,
				D9C49E7E1BF1BDB100831032 /* charcodes.cpp */,
				D9C49E7F1BF1BDB100831032 /* charcodes.h */,
				D991719F213296F10086F44F /* common.cpp */,
				D9C49E801BF1BDB100831032 /* common.h */,
				D9C49E811BF1BDB100831032 /* config.cpp */,
				D9C49E821BF1BDB100831032 /* config.h */,
				D9C49E831BF1BDB100831032 /* diskd88.cpp */,
				D9C49E841BF1BDB100831032 /* diskd88.h */,
				D9AA506E1E4C8A9300F68374 /* diskd88creator.cpp */,
				D9AA506F1E4C8A9300F68374 /* diskd88creator.h */,
				D9AA50701E4C8A9300F68374 /* diskd88parser.cpp */,
				D9AA50711E4C8A9300F68374 /* diskd88parser.h */,
				D996BCDA213CF34000902715 /* diskd88writer.cpp */,
				D996BCDB213CF34000902715 /* diskd88writer.h */,
				D99171A0213296F10086F44F /* diskdskparser.cpp */,
				D99171A1213296F10086F44F /* diskdskparser.h */,
				D9AA50721E4C8A9300F68374 /* diskparam.cpp */,
				D9AA50731E4C8A9300F68374 /* diskparam.h */,
				D9C49E851BF1BDB100831032 /* diskparambox.cpp */,
				D9C49E861BF1BDB100831032 /* diskparambox.h */,
				D99171A2213296F10086F44F /* diskparser.cpp */,
				D99171A3213296F10086F44F /* diskparser.h */,
				D996BCDC213CF34000902715 /* diskplainparser.cpp */,
				D996BCDD213CF34000902715 /* diskplainparser.h */,
				D996BCDE213CF34000902715 /* diskplainwriter.cpp */,
				D996BCDF213CF34000902715 /* diskplainwriter.h */,
				D91DA3EF21900D8900C27018 /* diskreplacebox.cpp */,
				D91DA3F021900D8900C27018 /* diskreplacebox.h */,
				D99171A4213296F10086F44F /* diskresult.cpp */,
				D99171A5213296F10086F44F /* diskresult.h */,
				D996BCE0213CF34000902715 /* diskwriter.cpp */,
				D996BCE1213CF34000902715 /* diskwriter.h */,
				D99171A6213296F10086F44F /* fileparam.cpp */,
				D99171A7213296F10086F44F /* fileparam.h */,
				D996BCE2213CF34000902715 /* fileselbox.cpp */,
				D996BCE3213CF34000902715 /* fileselbox.h */,
				D996BCE4213CF34000902715 /* fontminibox.cpp */,
				D996BCE5213CF34000902715 /* fontminibox.h */,
				D9C49E871BF1BDB100831032 /* intnamebox.cpp */,
				D9C49E881BF1BDB100831032 /* intnamebox.h */,
				D996BCE6213CF34000902715 /* logging.cpp */,
				D996BCE7213CF34000902715 /* logging.h */,
				D9C49E8A1BF1BDB100831032 /* main.cpp */,
				D9C49E8B1BF1BDB100831032 /* main.h */,
				D9D2D4C81BFF12F300AA70F8 /* rawexpbox.cpp */,
				D9D2D4C91BFF12F300AA70F8 /* rawexpbox.h */,
				D916204E1BF261BC00DB06A7 /* rawparambox.cpp */,
				D916204F1BF261BC00DB06A7 /* rawparambox.h */,
				D9C49E9E1BF1BDC000831032 /* rawsectorbox.cpp */,
				D9C49E9F1BF1BDC000831032 /* rawsectorbox.h */,
				D91F9B242178D44A0060D5BB /* rawtrackbox.cpp */,
				D91F9B252178D44A0060D5BB /* rawtrackbox.h */,
				D93E43682161EDE20041FCCA /* res */,
				D9C49E9C1BF1BDC000831032 /* result.cpp */,
				D9C49E9D1BF1BDC000831032 /* result.h */,
				D9C49EA01BF1BDC000831032 /* uibindump.cpp */,
				D9C49EA11BF1BDC000831032 /* uibindump.h */,
				D9C49EA21BF1BDC000831032 /* uidiskattr.cpp */,
				D9C49EA31BF1BDC000831032 /* uidiskattr.h */,
				D9C49EA41BF1BDC000831032 /* uidisklist.cpp */,
				D9C49EA51BF1BDC000831032 /* uidisklist.h */,
				D9A3F3D62143EC160090DA99 /* uifatarea.cpp */,
				D9A3F3D72143EC160090DA99 /* uifatarea.h */,
				D9C49EA61BF1BDC000831032 /* uifilelist.cpp */,
				D9C49EA71BF1BDC000831032 /* uifilelist.h */,
				D9C49EA81BF1BDC000831032 /* uirawdisk.cpp */,
				D9C49EA91BF1BDC000831032 /* uirawdisk.h */,
				D996BCE8213CF34000902715 /* uirpanel.cpp */,
				D996BCE9213CF34000902715 /* uirpanel.h */,
				D9C49EAA1BF1BDC000831032 /* utils.cpp */,
				D9C49EAB1BF1BDC000831032 /* utils.h */,
				D9C49EAC1BF1BDC000831032 /* version.h */,
			);
			name = Sources;
			path = ../../src;
			sourceTree = SOURCE_ROOT;
		};
		D9C49EF01BF1C55F00831032 /* Frameworks */ = {
			isa = PBXGroup;
			children = (
				D9C49EF11BF1CA4100831032 /* WebKit.framework */,
				D9C49EC61BF1C05900831032 /* OpenGL.framework */,
				D9C49EC41BF1C03700831032 /* AudioToolbox.framework */,
				D9C49EC21BF1C02D00831032 /* Cocoa.framework */,
				D9C49EC01BF1C02200831032 /* Carbon.framework */,
				D9C49EBE1BF1C01400831032 /* IOKit.framework */,
			);
			name = Frameworks;
			sourceTree = "<group>";
		};
		D9C49EF31BF1D26400831032 /* data */ = {
			isa = PBXGroup;
			children = (
				D9C49EF41BF1D26400831032 /* basic_types.xml */,
				D9C49EF51BF1D26400831032 /* char_codes.xml */,
				D9C49EF61BF1D26400831032 /* disk_types.xml */,
				D99171C621329C8A0086F44F /* file_types.xml */,
			);
			name = data;
			path = ../../data;
			sourceTree = "<group>";
		};
		D9C49EFA1BF1D2C700831032 /* lang */ = {
			isa = PBXGroup;
			children = (
				D9C49EFB1BF1D2C700831032 /* ja */,
			);
			name = lang;
			path = ../../lang;
			sourceTree = "<group>";
		};
		D9C49EFB1BF1D2C700831032 /* ja */ = {
			isa = PBXGroup;
			children = (
				D9C49EFC1BF1D2C700831032 /* l3diskex.mo */,
				D9C49EFD1BF1D2C700831032 /* l3diskex.po */,
			);
			path = ja;
			sourceTree = "<group>";
		};
		D9C49F071BF1D4E500831032 /* Resources */ = {
			isa = PBXGroup;
			children = (
				D9C49E7A1BF1BD8700831032 /* Info.plist */,
				D9C49F051BF1D4CB00831032 /* l3diskex.icns */,
				D9C49EF31BF1D26400831032 /* data */,
				D9C49EFA1BF1D2C700831032 /* lang */,
			);
			name = Resources;
			sourceTree = "<group>";
		};
/* End PBXGroup section */

/* Begin PBXNativeTarget section */
		D9C49E561BF1BCA200831032 /* l3diskex */ = {
			isa = PBXNativeTarget;
			buildConfigurationList = D9C49E741BF1BCA300831032 /* Build configuration list for PBXNativeTarget "l3diskex" */;
			buildPhases = (
				D9C49E531BF1BCA200831032 /* Sources */,
				D9C49E541BF1BCA200831032 /* Frameworks */,
				D9C49E551BF1BCA200831032 /* Resources */,
				D9C49EFF1BF1D37200831032 /* CopyFiles */,
				D9C49F031BF1D39000831032 /* CopyFiles */,
			);
			buildRules = (
			);
			dependencies = (
			);
			name = l3diskex;
			productName = l3diskex;
			productReference = D9C49E571BF1BCA200831032 /* l3diskex.app */;
			productType = "com.apple.product-type.application";
		};
/* End PBXNativeTarget section */

/* Begin PBXProject section */
		D9C49E4F1BF1BCA200831032 /* Project object */ = {
			isa = PBXProject;
			attributes = {
				LastUpgradeCheck = 0640;
				ORGANIZATIONNAME = Sasaji;
				TargetAttributes = {
					D9C49E561BF1BCA200831032 = {
						CreatedOnToolsVersion = 6.4;
					};
				};
			};
			buildConfigurationList = D9C49E521BF1BCA200831032 /* Build configuration list for PBXProject "l3diskex" */;
			compatibilityVersion = "Xcode 3.2";
			developmentRegion = English;
			hasScannedForEncodings = 0;
			knownRegions = (
				en,
				Base,
			);
			mainGroup = D9C49E4E1BF1BCA200831032;
			productRefGroup = D9C49E581BF1BCA200831032 /* Products */;
			projectDirPath = "";
			projectRoot = "";
			targets = (
				D9C49E561BF1BCA200831032 /* l3diskex */,
			);
		};
/* End PBXProject section */

/* Begin PBXResourcesBuildPhase section */
		D9C49E551BF1BCA200831032 /* Resources */ = {
			isa = PBXResourcesBuildPhase;
			buildActionMask = 2147483647;
			files = (
				D9C49F061BF1D4CB00831032 /* l3diskex.icns in Resources */,
			);
			runOnlyForDeploymentPostprocessing = 0;
		};
/* End PBXResourcesBuildPhase section */

/* Begin PBXSourcesBuildPhase section */
		D9C49E531BF1BCA200831032 /* Sources */ = {
			isa = PBXSourcesBuildPhase;
			buildActionMask = 2147483647;
			files = (
				D91F9B2A2178D5130060D5BB /* basictype_msdos.cpp in Sources */,
				D99171AF213296F10086F44F /* basicdiritem_msx.cpp in Sources */,
				D99171A8213296F10086F44F /* basiccommon.cpp in Sources */,
				D99171C0213296F10086F44F /* basictype.cpp in Sources */,
				D91620501BF261BC00DB06A7 /* rawparambox.cpp in Sources */,
				D9C49EAD1BF1BDC000831032 /* result.cpp in Sources */,
				D9C49EAF1BF1BDC000831032 /* rawsectorbox.cpp in Sources */,
				D923191521A5314600EB1FCD /* basicdiritem_mz_base.cpp in Sources */,
				D9C49EB11BF1BDC000831032 /* uibindump.cpp in Sources */,
				D996BCF1213CF34000902715 /* logging.cpp in Sources */,
				D996BCF2213CF34000902715 /* uirpanel.cpp in Sources */,
				D9C49EB31BF1BDC000831032 /* uidiskattr.cpp in Sources */,
				D9DA0AD421899BAD00649C28 /* basicparambox.cpp in Sources */,
				D9C49EB51BF1BDC000831032 /* uidisklist.cpp in Sources */,
				D99171B8213296F10086F44F /* basictype_fat12.cpp in Sources */,
				D9C49EB71BF1BDC000831032 /* uifilelist.cpp in Sources */,
				D996BCEA213CF34000902715 /* basicerror.cpp in Sources */,
				D996BCEF213CF34000902715 /* fileselbox.cpp in Sources */,
				D99171B7213296F10086F44F /* basictype_fat8.cpp in Sources */,
				D9A3F3D82143EC160090DA99 /* basicdiritem_cpm.cpp in Sources */,
				D91F9B272178D44A0060D5BB /* rawtrackbox.cpp in Sources */,
				D9A3F3DA2143EC160090DA99 /* basicdiritem_os9.cpp in Sources */,
				D996BCEC213CF34000902715 /* diskplainparser.cpp in Sources */,
				D99171A9213296F10086F44F /* basicdir.cpp in Sources */,
				D93D193A219DBB8800A3E51C /* basictype_tfdos.cpp in Sources */,
				D9C49EB91BF1BDC000831032 /* uirawdisk.cpp in Sources */,
				D9A3F3DC2143EC160090DA99 /* basictype_flex.cpp in Sources */,
				D99171B2213296F10086F44F /* basicdiritem_x1hu.cpp in Sources */,
				D99171B5213296F10086F44F /* basicparam.cpp in Sources */,
				D9C49EBB1BF1BDC000831032 /* utils.cpp in Sources */,
				D99171AA213296F10086F44F /* basicdiritem_fat8.cpp in Sources */,
				D9C49E8C1BF1BDB100831032 /* basicfmt.cpp in Sources */,
				D99171B1213296F10086F44F /* basicdiritem_n88.cpp in Sources */,
				D9AA50761E4C8A9300F68374 /* diskparam.cpp in Sources */,
				D99171BF213296F10086F44F /* basictype_x1hu.cpp in Sources */,
				D996BCED213CF34000902715 /* diskplainwriter.cpp in Sources */,
				D99171BA213296F10086F44F /* basictype_l31s.cpp in Sources */,
				D9A3F3D92143EC160090DA99 /* basicdiritem_flex.cpp in Sources */,
				D99171B3213296F10086F44F /* basicdiritem.cpp in Sources */,
				D9A3F3DD2143EC160090DA99 /* basictype_os9.cpp in Sources */,
				D996BCEE213CF34000902715 /* diskwriter.cpp in Sources */,
				D99171AC213296F10086F44F /* basicdiritem_l31s.cpp in Sources */,
				D99171C5213296F10086F44F /* fileparam.cpp in Sources */,
				D996BCF0213CF34000902715 /* fontminibox.cpp in Sources */,
				D99171AB213296F10086F44F /* basicdiritem_fm.cpp in Sources */,
				D9A3F3DE2143EC160090DA99 /* uifatarea.cpp in Sources */,
				D99171C1213296F10086F44F /* common.cpp in Sources */,
				D99171B4213296F10086F44F /* basicfat.cpp in Sources */,
				D996BCEB213CF34000902715 /* diskd88writer.cpp in Sources */,
				D9C49E8E1BF1BDB100831032 /* charcodes.cpp in Sources */,
				D99171B0213296F10086F44F /* basicdiritem_mz.cpp in Sources */,
				D9C49E911BF1BDB100831032 /* config.cpp in Sources */,
				D9AA50741E4C8A9300F68374 /* diskd88creator.cpp in Sources */,
				D99171B6213296F10086F44F /* basicselbox.cpp in Sources */,
				D99171AE213296F10086F44F /* basicdiritem_msdos.cpp in Sources */,
				D99171C2213296F10086F44F /* diskdskparser.cpp in Sources */,
				D99171BD213296F10086F44F /* basictype_mz.cpp in Sources */,
				D9D2D4CA1BFF12F300AA70F8 /* rawexpbox.cpp in Sources */,
				D99171BE213296F10086F44F /* basictype_n88.cpp in Sources */,
				D9C49E931BF1BDB100831032 /* diskd88.cpp in Sources */,
				D99171C3213296F10086F44F /* diskparser.cpp in Sources */,
				D93D1939219DBB8800A3E51C /* basicdiritem_tfdos.cpp in Sources */,
				D923191621A5314600EB1FCD /* basictype_mz_base.cpp in Sources */,
				D9C49E951BF1BDB100831032 /* diskparambox.cpp in Sources */,
				D9A3F3DB2143EC160090DA99 /* basictype_cpm.cpp in Sources */,
				D91DA3F121900D8900C27018 /* diskreplacebox.cpp in Sources */,
				D99171B9213296F10086F44F /* basictype_fm.cpp in Sources */,
				D99171C4213296F10086F44F /* diskresult.cpp in Sources */,
				D99171BC213296F10086F44F /* basictype_msx.cpp in Sources */,
				D99171BB213296F10086F44F /* basictype_l32d.cpp in Sources */,
				D99171AD213296F10086F44F /* basicdiritem_l32d.cpp in Sources */,
				D9C49E971BF1BDB100831032 /* intnamebox.cpp in Sources */,
				D9AA50751E4C8A9300F68374 /* diskd88parser.cpp in Sources */,
				D9C49E9A1BF1BDB100831032 /* main.cpp in Sources */,
			);
			runOnlyForDeploymentPostprocessing = 0;
		};
/* End PBXSourcesBuildPhase section */

/* Begin XCBuildConfiguration section */
		D9C49E721BF1BCA300831032 /* Debug */ = {
			isa = XCBuildConfiguration;
			buildSettings = {
				ALWAYS_SEARCH_USER_PATHS = YES;
				CLANG_CXX_LANGUAGE_STANDARD = "gnu++98";
				CLANG_CXX_LIBRARY = "libstdc++";
				CLANG_ENABLE_MODULES = YES;
				CLANG_ENABLE_OBJC_ARC = YES;
				CLANG_WARN_BOOL_CONVERSION = YES;
				CLANG_WARN_CONSTANT_CONVERSION = YES;
				CLANG_WARN_DIRECT_OBJC_ISA_USAGE = YES_ERROR;
				CLANG_WARN_EMPTY_BODY = YES;
				CLANG_WARN_ENUM_CONVERSION = YES;
				CLANG_WARN_INT_CONVERSION = YES;
				CLANG_WARN_OBJC_ROOT_CLASS = YES_ERROR;
				CLANG_WARN_UNREACHABLE_CODE = YES;
				CLANG_WARN__DUPLICATE_METHOD_MATCH = YES;
				COPY_PHASE_STRIP = NO;
				DEBUG_INFORMATION_FORMAT = dwarf;
				DYLIB_CURRENT_VERSION = "";
				ENABLE_STRICT_OBJC_MSGSEND = YES;
				GCC_C_LANGUAGE_STANDARD = gnu99;
				GCC_DYNAMIC_NO_PIC = NO;
				GCC_NO_COMMON_BLOCKS = YES;
				GCC_OPTIMIZATION_LEVEL = 0;
				GCC_PREPROCESSOR_DEFINITIONS = (
					"DEBUG=1",
					"$(inherited)",
				);
				GCC_SYMBOLS_PRIVATE_EXTERN = NO;
				GCC_WARN_64_TO_32_BIT_CONVERSION = YES;
				GCC_WARN_ABOUT_RETURN_TYPE = YES_ERROR;
				GCC_WARN_UNDECLARED_SELECTOR = YES;
				GCC_WARN_UNINITIALIZED_AUTOS = YES_AGGRESSIVE;
				GCC_WARN_UNUSED_FUNCTION = YES;
				GCC_WARN_UNUSED_VARIABLE = YES;
				HEADER_SEARCH_PATHS = (
					"$(inherited)",
					"$(WX_WIDGET_INCLUDE)",
				);
				LIBRARY_SEARCH_PATHS = "$(WX_WIDGET_LIB)";
				MACOSX_DEPLOYMENT_TARGET = 10.7;
				MTL_ENABLE_DEBUG_INFO = YES;
				ONLY_ACTIVE_ARCH = YES;
				OTHER_CFLAGS = "$(WX_WIDGET_CFLAGS)";
				OTHER_CPLUSPLUSFLAGS = "$(OTHER_CFLAGS)";
				OTHER_LDFLAGS = (
					"$(WX_WIDGET_LIBS)",
					"$(WX_WIDGET_LDFLAGS)",
				);
				SDKROOT = macosx;
				WX_H = wx_osx_cocoau_;
				WX_WIDGET_BASE = "../../../../../../Devel/wxWidgets-3.1.0/";
				WX_WIDGET_CFLAGS = "-D_FILE_OFFSET_BITS=64 -DwxDEBUG_LEVEL=0 -D__WXMAC__ -D__WXOSX__ -D__WXOSX_COCOA__";
				WX_WIDGET_DIR = "$(WX_WIDGET_BASE)build_debug_static_unicode/";
				WX_WIDGET_INCLUDE = "$(WX_WIDGET_DIR)lib/wx/include/osx_cocoa-unicode-static-3.1 $(WX_WIDGET_BASE)include";
				WX_WIDGET_LDFLAGS = "-lz -lpthread -liconv -lexpat";
				WX_WIDGET_LIB = "$(WX_WIDGET_DIR)lib/";
				WX_WIDGET_LIBS = "-lwxscintilla-3.1 -lwxregexu-3.1 -lwxtiff-3.1 -lwxjpeg-3.1 -lwxpng-3.1 -lwx_baseu-3.1 -lwx_baseu_xml-3.1 -lwx_baseu_net-3.1 -l$(WX_H)adv-3.1 -l$(WX_H)aui-3.1 -l$(WX_H)core-3.1 -l$(WX_H)gl-3.1 -l$(WX_H)html-3.1 -l$(WX_H)media-3.1 -l$(WX_H)propgrid-3.1 -l$(WX_H)qa-3.1 -l$(WX_H)ribbon-3.1 -l$(WX_H)richtext-3.1 -l$(WX_H)stc-3.1 -l$(WX_H)xrc-3.1";
			};
			name = Debug;
		};
		D9C49E731BF1BCA300831032 /* Release */ = {
			isa = XCBuildConfiguration;
			buildSettings = {
				ALWAYS_SEARCH_USER_PATHS = YES;
				CLANG_CXX_LANGUAGE_STANDARD = "gnu++98";
				CLANG_CXX_LIBRARY = "libstdc++";
				CLANG_ENABLE_MODULES = YES;
				CLANG_ENABLE_OBJC_ARC = YES;
				CLANG_WARN_BOOL_CONVERSION = YES;
				CLANG_WARN_CONSTANT_CONVERSION = YES;
				CLANG_WARN_DIRECT_OBJC_ISA_USAGE = YES_ERROR;
				CLANG_WARN_EMPTY_BODY = YES;
				CLANG_WARN_ENUM_CONVERSION = YES;
				CLANG_WARN_INT_CONVERSION = YES;
				CLANG_WARN_OBJC_ROOT_CLASS = YES_ERROR;
				CLANG_WARN_UNREACHABLE_CODE = YES;
				CLANG_WARN__DUPLICATE_METHOD_MATCH = YES;
				COPY_PHASE_STRIP = NO;
				DEBUG_INFORMATION_FORMAT = "dwarf-with-dsym";
				DYLIB_CURRENT_VERSION = "";
				ENABLE_NS_ASSERTIONS = NO;
				ENABLE_STRICT_OBJC_MSGSEND = YES;
				GCC_C_LANGUAGE_STANDARD = gnu99;
				GCC_NO_COMMON_BLOCKS = YES;
				GCC_WARN_64_TO_32_BIT_CONVERSION = YES;
				GCC_WARN_ABOUT_RETURN_TYPE = YES_ERROR;
				GCC_WARN_UNDECLARED_SELECTOR = YES;
				GCC_WARN_UNINITIALIZED_AUTOS = YES_AGGRESSIVE;
				GCC_WARN_UNUSED_FUNCTION = YES;
				GCC_WARN_UNUSED_VARIABLE = YES;
				HEADER_SEARCH_PATHS = (
					"$(inherited)",
					"$(WX_WIDGET_INCLUDE)",
				);
				LIBRARY_SEARCH_PATHS = "$(WX_WIDGET_LIB)";
				MACOSX_DEPLOYMENT_TARGET = 10.7;
				MTL_ENABLE_DEBUG_INFO = NO;
				OTHER_CFLAGS = "$(WX_WIDGET_CFLAGS)";
				OTHER_CPLUSPLUSFLAGS = "$(OTHER_CFLAGS)";
				OTHER_LDFLAGS = (
					"$(WX_WIDGET_LIBS)",
					"$(WX_WIDGET_LDFLAGS)",
				);
				SDKROOT = macosx;
				WX_H = wx_osx_cocoau_;
				WX_WIDGET_BASE = "../../../../../../Devel/wxWidgets-3.1.0/";
				WX_WIDGET_CFLAGS = "-D_FILE_OFFSET_BITS=64 -DwxDEBUG_LEVEL=0 -D__WXMAC__ -D__WXOSX__ -D__WXOSX_COCOA__";
				WX_WIDGET_DIR = "$(WX_WIDGET_BASE)build_debug_static_unicode/";
				WX_WIDGET_INCLUDE = "$(WX_WIDGET_DIR)lib/wx/include/osx_cocoa-unicode-static-3.1 $(WX_WIDGET_BASE)include";
				WX_WIDGET_LDFLAGS = "-lz -lpthread -liconv -lexpat";
				WX_WIDGET_LIB = "$(WX_WIDGET_DIR)lib/";
				WX_WIDGET_LIBS = "-lwxscintilla-3.1 -lwxregexu-3.1 -lwxtiff-3.1 -lwxjpeg-3.1 -lwxpng-3.1 -lwx_baseu-3.1 -lwx_baseu_xml-3.1 -lwx_baseu_net-3.1 -l$(WX_H)adv-3.1 -l$(WX_H)aui-3.1 -l$(WX_H)core-3.1 -l$(WX_H)gl-3.1 -l$(WX_H)html-3.1 -l$(WX_H)media-3.1 -l$(WX_H)propgrid-3.1 -l$(WX_H)qa-3.1 -l$(WX_H)ribbon-3.1 -l$(WX_H)richtext-3.1 -l$(WX_H)stc-3.1 -l$(WX_H)xrc-3.1";
			};
			name = Release;
		};
		D9C49E751BF1BCA300831032 /* Debug */ = {
			isa = XCBuildConfiguration;
			buildSettings = {
				COMBINE_HIDPI_IMAGES = YES;
				INFOPLIST_FILE = "$(SRCROOT)/../../src/res/Info.plist";
				LD_RUNPATH_SEARCH_PATHS = "$(inherited) @executable_path/../Frameworks";
				PRODUCT_NAME = "$(TARGET_NAME)";
			};
			name = Debug;
		};
		D9C49E761BF1BCA300831032 /* Release */ = {
			isa = XCBuildConfiguration;
			buildSettings = {
				COMBINE_HIDPI_IMAGES = YES;
				INFOPLIST_FILE = "$(SRCROOT)/../../src/res/Info.plist";
				LD_RUNPATH_SEARCH_PATHS = "$(inherited) @executable_path/../Frameworks";
				PRODUCT_NAME = "$(TARGET_NAME)";
			};
			name = Release;
		};
/* End XCBuildConfiguration section */

/* Begin XCConfigurationList section */
		D9C49E521BF1BCA200831032 /* Build configuration list for PBXProject "l3diskex" */ = {
			isa = XCConfigurationList;
			buildConfigurations = (
				D9C49E721BF1BCA300831032 /* Debug */,
				D9C49E731BF1BCA300831032 /* Release */,
			);
			defaultConfigurationIsVisible = 0;
			defaultConfigurationName = Release;
		};
		D9C49E741BF1BCA300831032 /* Build configuration list for PBXNativeTarget "l3diskex" */ = {
			isa = XCConfigurationList;
			buildConfigurations = (
				D9C49E751BF1BCA300831032 /* Debug */,
				D9C49E761BF1BCA300831032 /* Release */,
			);
			defaultConfigurationIsVisible = 0;
			defaultConfigurationName = Release;
		};
/* End XCConfigurationList section */
	};
	rootObject = D9C49E4F1BF1BCA200831032 /* Project object */;
}
