<?xml version="1.0" encoding="utf-8"?>
<Project ToolsVersion="4.0" xmlns="http://schemas.microsoft.com/developer/msbuild/2003">
  <ItemGroup>
    <Filter Include="Source Files">
      <UniqueIdentifier>{4FC737F1-C7A5-4376-A066-2A32D752A2FF}</UniqueIdentifier>
      <Extensions>cpp;c;cc;cxx;def;odl;idl;hpj;bat;asm;asmx</Extensions>
    </Filter>
    <Filter Include="Header Files">
      <UniqueIdentifier>{93995380-89BD-4b04-88EB-625FBE52EBFB}</UniqueIdentifier>
      <Extensions>h;hpp;hxx;hm;inl;inc;xsd</Extensions>
    </Filter>
    <Filter Include="Resource Files">
      <UniqueIdentifier>{67DA6AB6-F800-4c08-8B7A-83BB121AAD01}</UniqueIdentifier>
      <Extensions>rc;ico;cur;bmp;dlg;rc2;rct;bin;rgs;gif;jpg;jpeg;jpe;resx;tiff;tif;png;wav;mfcribbon-ms</Extensions>
    </Filter>
  </ItemGroup>
  <ItemGroup>
    <ResourceCompile Include="..\src\l3diskex.rc">
      <Filter>Resource Files</Filter>
    </ResourceCompile>
  </ItemGroup>
  <ItemGroup>
    <ClCompile Include="..\src\main.cpp">
      <Filter>Source Files</Filter>
    </ClCompile>
    <ClCompile Include="..\src\config.cpp">
      <Filter>Source Files</Filter>
    </ClCompile>
    <ClCompile Include="..\src\diskd88.cpp">
      <Filter>Source Files</Filter>
    </ClCompile>
    <ClCompile Include="..\src\basicfmt.cpp">
      <Filter>Source Files</Filter>
    </ClCompile>
    <ClCompile Include="..\src\uifilelist.cpp">
      <Filter>Source Files</Filter>
    </ClCompile>
    <ClCompile Include="..\src\uidiskattr.cpp">
      <Filter>Source Files</Filter>
    </ClCompile>
    <ClCompile Include="..\src\uidisklist.cpp">
      <Filter>Source Files</Filter>
    </ClCompile>
    <ClCompile Include="..\src\uirawdisk.cpp">
      <Filter>Source Files</Filter>
    </ClCompile>
    <ClCompile Include="..\src\utils.cpp">
      <Filter>Source Files</Filter>
    </ClCompile>
    <ClCompile Include="..\src\charcodes.cpp">
      <Filter>Source Files</Filter>
    </ClCompile>
    <ClCompile Include="..\src\uibindump.cpp">
      <Filter>Source Files</Filter>
    </ClCompile>
    <ClCompile Include="..\src\intnamebox.cpp">
      <Filter>Source Files</Filter>
    </ClCompile>
    <ClCompile Include="..\src\result.cpp">
      <Filter>Source Files</Filter>
    </ClCompile>
    <ClCompile Include="..\src\rawsectorbox.cpp">
      <Filter>Source Files</Filter>
    </ClCompile>
    <ClCompile Include="..\src\diskparambox.cpp">
      <Filter>Source Files</Filter>
    </ClCompile>
    <ClCompile Include="..\src\rawparambox.cpp">
      <Filter>Source Files</Filter>
    </ClCompile>
    <ClCompile Include="..\src\rawexpbox.cpp">
      <Filter>Source Files</Filter>
    </ClCompile>
    <ClCompile Include="..\src\diskd88creator.cpp">
      <Filter>Source Files</Filter>
    </ClCompile>
    <ClCompile Include="..\src\diskd88parser.cpp">
      <Filter>Source Files</Filter>
    </ClCompile>
    <ClCompile Include="..\src\diskparam.cpp">
      <Filter>Source Files</Filter>
    </ClCompile>
    <ClCompile Include="..\src\basiccommon.cpp">
      <Filter>Source Files</Filter>
    </ClCompile>
    <ClCompile Include="..\src\basicdir.cpp">
      <Filter>Source Files</Filter>
    </ClCompile>
    <ClCompile Include="..\src\basicfat.cpp">
      <Filter>Source Files</Filter>
    </ClCompile>
    <ClCompile Include="..\src\basicparam.cpp">
      <Filter>Source Files</Filter>
    </ClCompile>
    <ClCompile Include="..\src\basicselbox.cpp">
      <Filter>Source Files</Filter>
    </ClCompile>
    <ClCompile Include="..\src\common.cpp">
      <Filter>Source Files</Filter>
    </ClCompile>
    <ClCompile Include="..\src\basicdiritem.cpp">
      <Filter>Source Files</Filter>
    </ClCompile>
    <ClCompile Include="..\src\basicdiritem_l31s.cpp">
      <Filter>Source Files</Filter>
    </ClCompile>
    <ClCompile Include="..\src\basicdiritem_l32d.cpp">
      <Filter>Source Files</Filter>
    </ClCompile>
    <ClCompile Include="..\src\basicdiritem_fm.cpp">
      <Filter>Source Files</Filter>
    </ClCompile>
    <ClCompile Include="..\src\basicdiritem_msx.cpp">
      <Filter>Source Files</Filter>
    </ClCompile>
    <ClCompile Include="..\src\basicdiritem_n88.cpp">
      <Filter>Source Files</Filter>
    </ClCompile>
    <ClCompile Include="..\src\basicdiritem_x1hu.cpp">
      <Filter>Source Files</Filter>
    </ClCompile>
    <ClCompile Include="..\src\basicdiritem_mz.cpp">
      <Filter>Source Files</Filter>
    </ClCompile>
    <ClCompile Include="..\src\basictype_l31s.cpp">
      <Filter>Source Files</Filter>
    </ClCompile>
    <ClCompile Include="..\src\basictype_l32d.cpp">
      <Filter>Source Files</Filter>
    </ClCompile>
    <ClCompile Include="..\src\basictype_msx.cpp">
      <Filter>Source Files</Filter>
    </ClCompile>
    <ClCompile Include="..\src\basictype_mz.cpp">
      <Filter>Source Files</Filter>
    </ClCompile>
    <ClCompile Include="..\src\basictype_n88.cpp">
      <Filter>Source Files</Filter>
    </ClCompile>
    <ClCompile Include="..\src\basictype_x1hu.cpp">
      <Filter>Source Files</Filter>
    </ClCompile>
    <ClCompile Include="..\src\basictype.cpp">
      <Filter>Source Files</Filter>
    </ClCompile>
    <ClCompile Include="..\src\basictype_fat8.cpp">
      <Filter>Source Files</Filter>
    </ClCompile>
    <ClCompile Include="..\src\basictype_fat12.cpp">
      <Filter>Source Files</Filter>
    </ClCompile>
    <ClCompile Include="..\src\basictype_fm.cpp">
      <Filter>Source Files</Filter>
    </ClCompile>
    <ClCompile Include="..\src\basicdiritem_fat8.cpp">
      <Filter>Source Files</Filter>
    </ClCompile>
    <ClCompile Include="..\src\fileparam.cpp">
      <Filter>Source Files</Filter>
    </ClCompile>
    <ClCompile Include="..\src\basicdiritem_msdos.cpp">
      <Filter>Source Files</Filter>
    </ClCompile>
    <ClCompile Include="..\src\diskparser.cpp">
      <Filter>Source Files</Filter>
    </ClCompile>
    <ClCompile Include="..\src\diskresult.cpp">
      <Filter>Source Files</Filter>
    </ClCompile>
    <ClCompile Include="..\src\diskdskparser.cpp">
      <Filter>Source Files</Filter>
    </ClCompile>
    <ClCompile Include="..\src\uirpanel.cpp">
      <Filter>Source Files</Filter>
    </ClCompile>
    <ClCompile Include="..\src\basicerror.cpp">
      <Filter>Source Files</Filter>
    </ClCompile>
    <ClCompile Include="..\src\fileselbox.cpp">
      <Filter>Source Files</Filter>
    </ClCompile>
    <ClCompile Include="..\src\logging.cpp">
      <Filter>Source Files</Filter>
    </ClCompile>
    <ClCompile Include="..\src\fontminibox.cpp">
      <Filter>Source Files</Filter>
    </ClCompile>
    <ClCompile Include="..\src\diskwriter.cpp">
      <Filter>Source Files</Filter>
    </ClCompile>
    <ClCompile Include="..\src\diskd88writer.cpp">
      <Filter>Source Files</Filter>
    </ClCompile>
    <ClCompile Include="..\src\diskplainwriter.cpp">
      <Filter>Source Files</Filter>
    </ClCompile>
    <ClCompile Include="..\src\diskplainparser.cpp">
      <Filter>Source Files</Filter>
    </ClCompile>
    <ClCompile Include="..\src\uifatarea.cpp">
      <Filter>Source Files</Filter>
    </ClCompile>
    <ClCompile Include="..\src\basictype_flex.cpp">
      <Filter>Source Files</Filter>
    </ClCompile>
    <ClCompile Include="..\src\basicdiritem_flex.cpp">
      <Filter>Source Files</Filter>
    </ClCompile>
    <ClCompile Include="..\src\basicdiritem_os9.cpp">
      <Filter>Source Files</Filter>
    </ClCompile>
    <ClCompile Include="..\src\basictype_os9.cpp">
      <Filter>Source Files</Filter>
    </ClCompile>
    <ClCompile Include="..\src\basicdiritem_cpm.cpp">
      <Filter>Source Files</Filter>
    </ClCompile>
    <ClCompile Include="..\src\basictype_cpm.cpp">
      <Filter>Source Files</Filter>
    </ClCompile>
    <ClCompile Include="..\src\basictype_msdos.cpp">
      <Filter>Source Files</Filter>
    </ClCompile>
    <ClCompile Include="..\src\rawtrackbox.cpp">
      <Filter>Source Files</Filter>
    </ClCompile>
    <ClCompile Include="..\src\basicparambox.cpp">
      <Filter>Source Files</Filter>
    </ClCompile>
    <ClCompile Include="..\src\basicdiritem_dos80.cpp">
      <Filter>Source Files</Filter>
    </ClCompile>
    <ClCompile Include="..\src\basictype_dos80.cpp">
      <Filter>Source Files</Filter>
    </ClCompile>
    <ClCompile Include="..\src\basictype_xdos.cpp">
      <Filter>Source Files</Filter>
    </ClCompile>
    <ClCompile Include="..\src\basicdiritem_xdos.cpp">
      <Filter>Source Files</Filter>
    </ClCompile>
    <ClCompile Include="..\src\rawsectorbox.cpp">
      <Filter>Source Files</Filter>
    </ClCompile>
    <ClCompile Include="..\src\basicdiritem_mz_fdos.cpp">
      <Filter>Source Files</Filter>
    </ClCompile>
    <ClCompile Include="..\src\basictype_mz_fdos.cpp">
      <Filter>Source Files</Filter>
    </ClCompile>
    <ClCompile Include="..\src\diskreplacebox.cpp">
      <Filter>Source Files</Filter>
    </ClCompile>
    <ClCompile Include="..\src\basicdiritem_tfdos.cpp">
      <Filter>Source Files</Filter>
    </ClCompile>
    <ClCompile Include="..\src\basictype_tfdos.cpp">
      <Filter>Source Files</Filter>
    </ClCompile>
    <ClCompile Include="..\src\basicdiritem_cdos.cpp">
      <Filter>Source Files</Filter>
    </ClCompile>
    <ClCompile Include="..\src\basictype_cdos.cpp">
      <Filter>Source Files</Filter>
    </ClCompile>
    <ClCompile Include="..\src\basictype_mz_base.cpp">
      <Filter>Source Files</Filter>
    </ClCompile>
    <ClCompile Include="..\src\basicdiritem_mz_base.cpp">
      <Filter>Source Files</Filter>
    </ClCompile>
    <ClCompile Include="..\src\configbox.cpp">
      <Filter>Source Files</Filter>
    </ClCompile>
    <ClCompile Include="..\src\uiclistctrl.cpp">
      <Filter>Source Files</Filter>
    </ClCompile>
    <ClCompile Include="..\src\uicdlistctrl.cpp">
      <Filter>Source Files</Filter>
    </ClCompile>
    <ClCompile Include="..\src\uicdtreectrl.cpp">
      <Filter>Source Files</Filter>
    </ClCompile>
    <ClCompile Include="..\src\uictreectrl.cpp">
      <Filter>Source Files</Filter>
    </ClCompile>
    <ClCompile Include="..\src\basicdiritem_frost.cpp">
      <Filter>Source Files</Filter>
    </ClCompile>
    <ClCompile Include="..\src\basictype_frost.cpp">
      <Filter>Source Files</Filter>
    </ClCompile>
    <ClCompile Include="..\src\basictype_magical.cpp">
      <Filter>Source Files</Filter>
    </ClCompile>
    <ClCompile Include="..\src\basicdiritem_magical.cpp">
      <Filter>Source Files</Filter>
    </ClCompile>
    <ClCompile Include="..\src\diskfdiparser.cpp">
      <Filter>Source Files</Filter>
    </ClCompile>
    <ClCompile Include="..\src\basictype_sdos.cpp">
      <Filter>Source Files</Filter>
    </ClCompile>
    <ClCompile Include="..\src\basicdiritem_sdos.cpp">
      <Filter>Source Files</Filter>
    </ClCompile>
    <ClCompile Include="..\src\basictype_smc.cpp">
      <Filter>Source Files</Filter>
    </ClCompile>
    <ClCompile Include="..\src\basictype_pa.cpp">
      <Filter>Source Files</Filter>
    </ClCompile>
    <ClCompile Include="..\src\basicdiritem_fp.cpp">
      <Filter>Source Files</Filter>
    </ClCompile>
    <ClCompile Include="..\src\basictype_fp.cpp">
      <Filter>Source Files</Filter>
    </ClCompile>
    <ClCompile Include="..\src\diskcqmparser.cpp">
      <Filter>Source Files</Filter>
    </ClCompile>
    <ClCompile Include="..\src\disktd0parser.cpp">
      <Filter>Source Files</Filter>
    </ClCompile>
    <ClCompile Include="..\src\basicdiritem_hu68k.cpp">
      <Filter>Source Files</Filter>
    </ClCompile>
    <ClCompile Include="..\src\basictype_hu68k.cpp">
      <Filter>Source Files</Filter>
    </ClCompile>
    <ClCompile Include="..\src\diskdimparser.cpp">
      <Filter>Source Files</Filter>
    </ClCompile>
    <ClCompile Include="..\src\basicdiritem_losa.cpp">
      <Filter>Source Files</Filter>
    </ClCompile>
    <ClCompile Include="..\src\basicdiritem_mdos.cpp">
      <Filter>Source Files</Filter>
    </ClCompile>
    <ClCompile Include="..\src\basictype_mdos.cpp">
      <Filter>Source Files</Filter>
    </ClCompile>
    <ClCompile Include="..\src\basictype_fat16.cpp">
      <Filter>Source Files</Filter>
    </ClCompile>
    <ClCompile Include="..\src\basicdiritem_falcom.cpp">
      <Filter>Source Files</Filter>
    </ClCompile>
    <ClCompile Include="..\src\basictype_falcom.cpp">
      <Filter>Source Files</Filter>
    </ClCompile>
    <ClCompile Include="..\src\basictype_fat_base.cpp">
      <Filter>Source Files</Filter>
    </ClCompile>
    <ClCompile Include="..\src\diskvfdparser.cpp">
      <Filter>Source Files</Filter>
    </ClCompile>
    <ClCompile Include="..\src\diskimdparser.cpp">
      <Filter>Source Files</Filter>
    </ClCompile>
  </ItemGroup>
  <ItemGroup>
    <ClInclude Include="..\src\main.h">
      <Filter>Header Files</Filter>
    </ClInclude>
    <ClInclude Include="..\src\common.h">
      <Filter>Header Files</Filter>
    </ClInclude>
    <ClInclude Include="..\src\version.h">
      <Filter>Header Files</Filter>
    </ClInclude>
    <ClInclude Include="..\src\config.h">
      <Filter>Header Files</Filter>
    </ClInclude>
    <ClInclude Include="..\src\diskd88.h">
      <Filter>Header Files</Filter>
    </ClInclude>
    <ClInclude Include="..\src\basicfmt.h">
      <Filter>Header Files</Filter>
    </ClInclude>
    <ClInclude Include="..\src\uifilelist.h">
      <Filter>Header Files</Filter>
    </ClInclude>
    <ClInclude Include="..\src\uidiskattr.h">
      <Filter>Header Files</Filter>
    </ClInclude>
    <ClInclude Include="..\src\uidisklist.h">
      <Filter>Header Files</Filter>
    </ClInclude>
    <ClInclude Include="..\src\uirawdisk.h">
      <Filter>Header Files</Filter>
    </ClInclude>
    <ClInclude Include="..\src\utils.h">
      <Filter>Header Files</Filter>
    </ClInclude>
    <ClInclude Include="..\src\charcodes.h">
      <Filter>Header Files</Filter>
    </ClInclude>
    <ClInclude Include="..\src\uibindump.h">
      <Filter>Header Files</Filter>
    </ClInclude>
    <ClInclude Include="..\src\intnamebox.h">
      <Filter>Header Files</Filter>
    </ClInclude>
    <ClInclude Include="..\src\result.h">
      <Filter>Header Files</Filter>
    </ClInclude>
    <ClInclude Include="..\src\rawsectorbox.h">
      <Filter>Header Files</Filter>
    </ClInclude>
    <ClInclude Include="..\src\diskparambox.h">
      <Filter>Header Files</Filter>
    </ClInclude>
    <ClInclude Include="..\src\rawparambox.h">
      <Filter>Header Files</Filter>
    </ClInclude>
    <ClInclude Include="..\src\rawexpbox.h">
      <Filter>Header Files</Filter>
    </ClInclude>
    <ClInclude Include="..\src\diskd88creator.h">
      <Filter>Header Files</Filter>
    </ClInclude>
    <ClInclude Include="..\src\diskd88parser.h">
      <Filter>Header Files</Filter>
    </ClInclude>
    <ClInclude Include="..\src\diskparam.h">
      <Filter>Header Files</Filter>
    </ClInclude>
    <ClInclude Include="..\src\basiccommon.h">
      <Filter>Header Files</Filter>
    </ClInclude>
    <ClInclude Include="..\src\basicdir.h">
      <Filter>Header Files</Filter>
    </ClInclude>
    <ClInclude Include="..\src\basicfat.h">
      <Filter>Header Files</Filter>
    </ClInclude>
    <ClInclude Include="..\src\basicparam.h">
      <Filter>Header Files</Filter>
    </ClInclude>
    <ClInclude Include="..\src\basicselbox.h">
      <Filter>Header Files</Filter>
    </ClInclude>
    <ClInclude Include="..\src\basicdiritem.h">
      <Filter>Header Files</Filter>
    </ClInclude>
    <ClInclude Include="..\src\basicdiritem_l31s.h">
      <Filter>Header Files</Filter>
    </ClInclude>
    <ClInclude Include="..\src\basicdiritem_l32d.h">
      <Filter>Header Files</Filter>
    </ClInclude>
    <ClInclude Include="..\src\basicdiritem_fm.h">
      <Filter>Header Files</Filter>
    </ClInclude>
    <ClInclude Include="..\src\basicdiritem_msx.h">
      <Filter>Header Files</Filter>
    </ClInclude>
    <ClInclude Include="..\src\basicdiritem_n88.h">
      <Filter>Header Files</Filter>
    </ClInclude>
    <ClInclude Include="..\src\basicdiritem_x1hu.h">
      <Filter>Header Files</Filter>
    </ClInclude>
    <ClInclude Include="..\src\basicdiritem_mz.h">
      <Filter>Header Files</Filter>
    </ClInclude>
    <ClInclude Include="..\src\basictype_l31s.h">
      <Filter>Header Files</Filter>
    </ClInclude>
    <ClInclude Include="..\src\basictype_l32d.h">
      <Filter>Header Files</Filter>
    </ClInclude>
    <ClInclude Include="..\src\basictype_msx.h">
      <Filter>Header Files</Filter>
    </ClInclude>
    <ClInclude Include="..\src\basictype_mz.h">
      <Filter>Header Files</Filter>
    </ClInclude>
    <ClInclude Include="..\src\basictype_n88.h">
      <Filter>Header Files</Filter>
    </ClInclude>
    <ClInclude Include="..\src\basictype_x1hu.h">
      <Filter>Header Files</Filter>
    </ClInclude>
    <ClInclude Include="..\src\basictype.h">
      <Filter>Header Files</Filter>
    </ClInclude>
    <ClInclude Include="..\src\basictype_fat8.h">
      <Filter>Header Files</Filter>
    </ClInclude>
    <ClInclude Include="..\src\basictype_fat12.h">
      <Filter>Header Files</Filter>
    </ClInclude>
    <ClInclude Include="..\src\basictype_fm.h">
      <Filter>Header Files</Filter>
    </ClInclude>
    <ClInclude Include="..\src\basicdiritem_fat8.h">
      <Filter>Header Files</Filter>
    </ClInclude>
    <ClInclude Include="..\src\fileparam.h">
      <Filter>Header Files</Filter>
    </ClInclude>
    <ClInclude Include="..\src\basicdiritem_msdos.h">
      <Filter>Header Files</Filter>
    </ClInclude>
    <ClInclude Include="..\src\diskparser.h">
      <Filter>Header Files</Filter>
    </ClInclude>
    <ClInclude Include="..\src\diskresult.h">
      <Filter>Header Files</Filter>
    </ClInclude>
    <ClInclude Include="..\src\diskdskparser.h">
      <Filter>Header Files</Filter>
    </ClInclude>
    <ClInclude Include="..\src\uirpanel.h">
      <Filter>Header Files</Filter>
    </ClInclude>
    <ClInclude Include="..\src\basicerror.h">
      <Filter>Header Files</Filter>
    </ClInclude>
    <ClInclude Include="..\src\fileselbox.h">
      <Filter>Header Files</Filter>
    </ClInclude>
    <ClInclude Include="..\src\logging.h">
      <Filter>Header Files</Filter>
    </ClInclude>
    <ClInclude Include="..\src\fontminibox.h">
      <Filter>Header Files</Filter>
    </ClInclude>
    <ClInclude Include="..\src\diskwriter.h">
      <Filter>Header Files</Filter>
    </ClInclude>
    <ClInclude Include="..\src\diskd88writer.h">
      <Filter>Header Files</Filter>
    </ClInclude>
    <ClInclude Include="..\src\diskplainwriter.h">
      <Filter>Header Files</Filter>
    </ClInclude>
    <ClInclude Include="..\src\diskplainparser.h">
      <Filter>Header Files</Filter>
    </ClInclude>
    <ClInclude Include="..\src\uifatarea.h">
      <Filter>Header Files</Filter>
    </ClInclude>
    <ClInclude Include="..\src\basictype_flex.h">
      <Filter>Header Files</Filter>
    </ClInclude>
    <ClInclude Include="..\src\basicdiritem_flex.h">
      <Filter>Header Files</Filter>
    </ClInclude>
    <ClInclude Include="..\src\basicdiritem_os9.h">
      <Filter>Header Files</Filter>
    </ClInclude>
    <ClInclude Include="..\src\basictype_os9.h">
      <Filter>Header Files</Filter>
    </ClInclude>
    <ClInclude Include="..\src\basicdiritem_cpm.h">
      <Filter>Header Files</Filter>
    </ClInclude>
    <ClInclude Include="..\src\basictype_cpm.h">
      <Filter>Header Files</Filter>
    </ClInclude>
    <ClInclude Include="..\src\basictype_msdos.h">
      <Filter>Header Files</Filter>
    </ClInclude>
    <ClInclude Include="..\src\rawtrackbox.h">
      <Filter>Header Files</Filter>
    </ClInclude>
    <ClInclude Include="..\src\basicparambox.h">
      <Filter>Header Files</Filter>
    </ClInclude>
    <ClInclude Include="..\src\basicdiritem_dos80.h">
      <Filter>Header Files</Filter>
    </ClInclude>
    <ClInclude Include="..\src\basictype_dos80.h">
      <Filter>Header Files</Filter>
    </ClInclude>
    <ClInclude Include="..\src\basictype_xdos.h">
      <Filter>Header Files</Filter>
    </ClInclude>
    <ClInclude Include="..\src\basicdiritem_xdos.h">
      <Filter>Header Files</Filter>
    </ClInclude>
    <ClInclude Include="..\src\rawsectorbox.h">
      <Filter>Header Files</Filter>
    </ClInclude>
    <ClInclude Include="..\src\basicdiritem_mz_fdos.h">
      <Filter>Header Files</Filter>
    </ClInclude>
    <ClInclude Include="..\src\basictype_mz_fdos.h">
      <Filter>Header Files</Filter>
    </ClInclude>
    <ClInclude Include="..\src\diskreplacebox.h">
      <Filter>Header Files</Filter>
    </ClInclude>
    <ClInclude Include="..\src\basicdiritem_tfdos.h">
      <Filter>Header Files</Filter>
    </ClInclude>
    <ClInclude Include="..\src\basictype_tfdos.h">
      <Filter>Header Files</Filter>
    </ClInclude>
    <ClInclude Include="..\src\basicdiritem_cdos.h">
      <Filter>Header Files</Filter>
    </ClInclude>
    <ClInclude Include="..\src\basictype_cdos.h">
      <Filter>Header Files</Filter>
    </ClInclude>
    <ClInclude Include="..\src\basictype_mz_base.h">
      <Filter>Header Files</Filter>
    </ClInclude>
    <ClInclude Include="..\src\basicdiritem_mz_base.h">
      <Filter>Header Files</Filter>
    </ClInclude>
    <ClInclude Include="..\src\configbox.h">
      <Filter>Header Files</Filter>
    </ClInclude>
    <ClInclude Include="..\src\uicommon.h">
      <Filter>Header Files</Filter>
    </ClInclude>
    <ClInclude Include="..\src\uiclistctrl.h">
      <Filter>Header Files</Filter>
    </ClInclude>
    <ClInclude Include="..\src\uicdlistctrl.h">
      <Filter>Header Files</Filter>
    </ClInclude>
    <ClInclude Include="..\src\uictreectrl.h">
      <Filter>Header Files</Filter>
    </ClInclude>
    <ClInclude Include="..\src\uicdtreectrl.h">
      <Filter>Header Files</Filter>
    </ClInclude>
    <ClInclude Include="..\src\basicdiritem_frost.h">
      <Filter>Header Files</Filter>
    </ClInclude>
    <ClInclude Include="..\src\basictype_frost.h">
      <Filter>Header Files</Filter>
    </ClInclude>
    <ClInclude Include="..\src\basictype_magical.h">
      <Filter>Header Files</Filter>
    </ClInclude>
    <ClInclude Include="..\src\basicdiritem_magical.h">
      <Filter>Header Files</Filter>
    </ClInclude>
    <ClInclude Include="..\src\diskfdiparser.h">
      <Filter>Header Files</Filter>
    </ClInclude>
    <ClInclude Include="..\src\basictype_sdos.h">
      <Filter>Header Files</Filter>
    </ClInclude>
    <ClInclude Include="..\src\basicdiritem_sdos.h">
      <Filter>Header Files</Filter>
    </ClInclude>
    <ClInclude Include="..\src\basictype_smc.h">
      <Filter>Header Files</Filter>
    </ClInclude>
    <ClInclude Include="..\src\basictype_pa.h">
      <Filter>Header Files</Filter>
    </ClInclude>
    <ClInclude Include="..\src\basicdiritem_fp.h">
      <Filter>Header Files</Filter>
    </ClInclude>
    <ClInclude Include="..\src\basictype_fp.h">
      <Filter>Header Files</Filter>
    </ClInclude>
    <ClInclude Include="..\src\diskcqmparser.h">
      <Filter>Header Files</Filter>
    </ClInclude>
    <ClInclude Include="..\src\disktd0parser.h">
      <Filter>Header Files</Filter>
    </ClInclude>
    <ClInclude Include="..\src\basicdiritem_hu68k.h">
      <Filter>Header Files</Filter>
    </ClInclude>
    <ClInclude Include="..\src\basictype_hu68k.h">
      <Filter>Header Files</Filter>
    </ClInclude>
    <ClInclude Include="..\src\diskdimparser.h">
      <Filter>Header Files</Filter>
    </ClInclude>
    <ClInclude Include="..\src\basicdiritem_losa.h">
      <Filter>Header Files</Filter>
    </ClInclude>
    <ClInclude Include="..\src\basicdiritem_mdos.h">
      <Filter>Header Files</Filter>
    </ClInclude>
    <ClInclude Include="..\src\basictype_mdos.h">
      <Filter>Header Files</Filter>
    </ClInclude>
    <ClInclude Include="..\src\basictype_fat16.h">
      <Filter>Header Files</Filter>
    </ClInclude>
    <ClInclude Include="..\src\basicdiritem_falcom.h">
      <Filter>Header Files</Filter>
    </ClInclude>
    <ClInclude Include="..\src\basictype_falcom.h">
      <Filter>Header Files</Filter>
    </ClInclude>
    <ClInclude Include="..\src\basictype_fat_base.h">
      <Filter>Header Files</Filter>
    </ClInclude>
    <ClInclude Include="..\src\diskvfdparser.h">
      <Filter>Header Files</Filter>
    </ClInclude>
    <ClInclude Include="..\src\diskimdparser.h">
      <Filter>Header Files</Filter>
    </ClInclude>
  </ItemGroup>
  <ItemGroup>
    <None Include="..\src\res\l3diskex.ico">
      <Filter>Resource Files</Filter>
    </None>
    <None Include="..\src\res\fd_5inch.ico">
      <Filter>Resource Files</Filter>
    </None>
    <None Include="..\data\basic_types.xml">
      <Filter>Resource Files</Filter>
    </None>
    <None Include="..\data\char_codes.xml">
      <Filter>Resource Files</Filter>
    </None>
    <None Include="..\data\disk_types.xml">
      <Filter>Resource Files</Filter>
    </None>
    <None Include="..\data\file_types.xml">
      <Filter>Resource Files</Filter>
    </None>
    <None Include="..\lang\ja\l3diskex.mo">
      <Filter>Resource Files</Filter>
    </None>
  </ItemGroup>
</Project>